// !$*UTF8*$!
{
	archiveVersion = 1;
	classes = {
	};
	objectVersion = 56;
	objects = {

/* Begin PBXBuildFile section */
		7003E7C42AC86C2D00AFE1C2 /* RecordFormView.swift in Sources */ = {isa = PBXBuildFile; fileRef = 7003E7C32AC86C2D00AFE1C2 /* RecordFormView.swift */; };
		700BB60B2AE513AF008B8132 /* MonthlyChartView.swift in Sources */ = {isa = PBXBuildFile; fileRef = 700BB60A2AE513AF008B8132 /* MonthlyChartView.swift */; };
		701042122AEE483400FAD52C /* UserCache.swift in Sources */ = {isa = PBXBuildFile; fileRef = 701042112AEE483400FAD52C /* UserCache.swift */; };
		7019642F2AD41C4A00ED39BF /* ExerciseSection.swift in Sources */ = {isa = PBXBuildFile; fileRef = 7019642E2AD41C4A00ED39BF /* ExerciseSection.swift */; };
		701964312AD41CE400ED39BF /* SelectExerciseView.swift in Sources */ = {isa = PBXBuildFile; fileRef = 701964302AD41CE400ED39BF /* SelectExerciseView.swift */; };
		701CC4AC2AD271CF00852E2E /* UserRepository.swift in Sources */ = {isa = PBXBuildFile; fileRef = 701CC4AB2AD271CF00852E2E /* UserRepository.swift */; };
		701CC4AE2AD2720200852E2E /* Profile.swift in Sources */ = {isa = PBXBuildFile; fileRef = 701CC4AD2AD2720200852E2E /* Profile.swift */; };
		701CC4C62AD2875700852E2E /* FileManagerHelper.swift in Sources */ = {isa = PBXBuildFile; fileRef = 701CC4C52AD2875700852E2E /* FileManagerHelper.swift */; };
		70226B882AF7765400379ED3 /* WorkoutMetaData.swift in Sources */ = {isa = PBXBuildFile; fileRef = 70226B872AF7765400379ED3 /* WorkoutMetaData.swift */; };
		70240BE72ADC1FF800B87A79 /* WidgetKit.framework in Frameworks */ = {isa = PBXBuildFile; fileRef = 70240BE62ADC1FF800B87A79 /* WidgetKit.framework */; };
		70240BE92ADC1FF800B87A79 /* SwiftUI.framework in Frameworks */ = {isa = PBXBuildFile; fileRef = 70240BE82ADC1FF800B87A79 /* SwiftUI.framework */; };
		70240BEC2ADC1FF800B87A79 /* dg_muscle_ios_widgetBundle.swift in Sources */ = {isa = PBXBuildFile; fileRef = 70240BEB2ADC1FF800B87A79 /* dg_muscle_ios_widgetBundle.swift */; };
		70240BEE2ADC1FF800B87A79 /* dg_muscle_ios_widgetLiveActivity.swift in Sources */ = {isa = PBXBuildFile; fileRef = 70240BED2ADC1FF800B87A79 /* dg_muscle_ios_widgetLiveActivity.swift */; };
		70240BF02ADC1FF800B87A79 /* dg_muscle_ios_widget.swift in Sources */ = {isa = PBXBuildFile; fileRef = 70240BEF2ADC1FF800B87A79 /* dg_muscle_ios_widget.swift */; };
		70240BF22ADC1FF800B87A79 /* AppIntent.swift in Sources */ = {isa = PBXBuildFile; fileRef = 70240BF12ADC1FF800B87A79 /* AppIntent.swift */; };
		70240BF42ADC1FF900B87A79 /* Assets.xcassets in Resources */ = {isa = PBXBuildFile; fileRef = 70240BF32ADC1FF900B87A79 /* Assets.xcassets */; };
		70240BF82ADC1FF900B87A79 /* dg-muscle-ios-widgetExtension.appex in Embed Foundation Extensions */ = {isa = PBXBuildFile; fileRef = 70240BE52ADC1FF800B87A79 /* dg-muscle-ios-widgetExtension.appex */; settings = {ATTRIBUTES = (RemoveHeadersOnCopy, ); }; };
		702BC70C2ABF2A0800E325DB /* Kingfisher in Frameworks */ = {isa = PBXBuildFile; productRef = 702BC70B2ABF2A0800E325DB /* Kingfisher */; };
		702D895B2B9226F8008EA220 /* ActivityView.swift in Sources */ = {isa = PBXBuildFile; fileRef = 702D895A2B9226F8008EA220 /* ActivityView.swift */; };
		702E21682BCA53BC00147279 /* HistoryView.swift in Sources */ = {isa = PBXBuildFile; fileRef = 702E21672BCA53BC00147279 /* HistoryView.swift */; };
		702E216B2BCA541C00147279 /* HistoryViewModel.swift in Sources */ = {isa = PBXBuildFile; fileRef = 702E216A2BCA541C00147279 /* HistoryViewModel.swift */; };
		702E216E2BCA55C500147279 /* HistoryRepositoryV2.swift in Sources */ = {isa = PBXBuildFile; fileRef = 702E216D2BCA55C500147279 /* HistoryRepositoryV2.swift */; };
		702E21702BCA55D600147279 /* HistoryRepositoryV2Impl.swift in Sources */ = {isa = PBXBuildFile; fileRef = 702E216F2BCA55D600147279 /* HistoryRepositoryV2Impl.swift */; };
		702E21722BCA587700147279 /* HealthRepository.swift in Sources */ = {isa = PBXBuildFile; fileRef = 702E21712BCA587700147279 /* HealthRepository.swift */; };
		702E21742BCA588A00147279 /* HealthRepositoryLive.swift in Sources */ = {isa = PBXBuildFile; fileRef = 702E21732BCA588A00147279 /* HealthRepositoryLive.swift */; };
		702E21772BCA5DEF00147279 /* historyTests.swift in Sources */ = {isa = PBXBuildFile; fileRef = 702E21762BCA5DEF00147279 /* historyTests.swift */; };
		702E21782BCA5E2A00147279 /* HistoryViewModel.swift in Sources */ = {isa = PBXBuildFile; fileRef = 702E216A2BCA541C00147279 /* HistoryViewModel.swift */; };
		702E21792BCA5E4500147279 /* GrassData.swift in Sources */ = {isa = PBXBuildFile; fileRef = 705EC0A82AFF7C530085801A /* GrassData.swift */; };
		702E217A2BCA5E4C00147279 /* ExerciseHistorySection.swift in Sources */ = {isa = PBXBuildFile; fileRef = 70F838A32AC7FE96009725EF /* ExerciseHistorySection.swift */; };
		702E217B2BCA5E5900147279 /* ExerciseHistory.swift in Sources */ = {isa = PBXBuildFile; fileRef = 70F838A12AC7FE84009725EF /* ExerciseHistory.swift */; };
		702E217C2BCA5E6000147279 /* ExerciseSet.swift in Sources */ = {isa = PBXBuildFile; fileRef = 70F838A52AC7FEA8009725EF /* ExerciseSet.swift */; };
		702E217D2BCA5E6700147279 /* BodyMass.swift in Sources */ = {isa = PBXBuildFile; fileRef = 707BBF192AF7D39700A8ABD2 /* BodyMass.swift */; };
		702E217E2BCA5E6A00147279 /* CreatedAt.swift in Sources */ = {isa = PBXBuildFile; fileRef = 70F8389D2AC7FE36009725EF /* CreatedAt.swift */; };
		702E217F2BCA5E6C00147279 /* DefaultResponse.swift in Sources */ = {isa = PBXBuildFile; fileRef = 70C144D72AC82807007F0540 /* DefaultResponse.swift */; };
		702E21802BCA5E7100147279 /* Exercise.swift in Sources */ = {isa = PBXBuildFile; fileRef = 70F8389F2AC7FE4D009725EF /* Exercise.swift */; };
		702E21812BCA5E7700147279 /* ExerciseSection.swift in Sources */ = {isa = PBXBuildFile; fileRef = 7019642E2AD41C4A00ED39BF /* ExerciseSection.swift */; };
		702E21822BCA5E7C00147279 /* Height.swift in Sources */ = {isa = PBXBuildFile; fileRef = 707BBF172AF7D1D800A8ABD2 /* Height.swift */; };
		702E21832BCA5E7F00147279 /* Profile.swift in Sources */ = {isa = PBXBuildFile; fileRef = 701CC4AD2AD2720200852E2E /* Profile.swift */; };
		702E21842BCA5E8100147279 /* Record.swift in Sources */ = {isa = PBXBuildFile; fileRef = 70F838A72AC7FEB6009725EF /* Record.swift */; };
		702E21852BCA5E8400147279 /* UserCache.swift in Sources */ = {isa = PBXBuildFile; fileRef = 701042112AEE483400FAD52C /* UserCache.swift */; };
		702E21862BCA5E8700147279 /* WorkoutMetaData.swift in Sources */ = {isa = PBXBuildFile; fileRef = 70226B872AF7765400379ED3 /* WorkoutMetaData.swift */; };
		702E21872BCA5E8900147279 /* QuickAction.swift in Sources */ = {isa = PBXBuildFile; fileRef = 70C0559C2B79FB4600375526 /* QuickAction.swift */; };
		702E21882BCA5E8E00147279 /* HistoryRepositoryV2.swift in Sources */ = {isa = PBXBuildFile; fileRef = 702E216D2BCA55C500147279 /* HistoryRepositoryV2.swift */; };
		702E21892BCA5E9400147279 /* HealthRepository.swift in Sources */ = {isa = PBXBuildFile; fileRef = 702E21712BCA587700147279 /* HealthRepository.swift */; };
		702E218A2BCA614C00147279 /* Store.swift in Sources */ = {isa = PBXBuildFile; fileRef = 707B8FC82ABF1D37008ADECE /* Store.swift */; };
		702E218B2BCA614F00147279 /* UserStore.swift in Sources */ = {isa = PBXBuildFile; fileRef = 707B8FC62ABF1CAC008ADECE /* UserStore.swift */; };
		702E218C2BCA615200147279 /* HistoryStore.swift in Sources */ = {isa = PBXBuildFile; fileRef = 70F838A92AC7FEE1009725EF /* HistoryStore.swift */; };
		702E218D2BCA615500147279 /* HealthStore.swift in Sources */ = {isa = PBXBuildFile; fileRef = 708508C32AF626990035BB9D /* HealthStore.swift */; };
		702E218E2BCA615800147279 /* ExerciseStore.swift in Sources */ = {isa = PBXBuildFile; fileRef = 70A74E892AC8433F00EA7A35 /* ExerciseStore.swift */; };
		702E218F2BCA616700147279 /* FileManagerHelper.swift in Sources */ = {isa = PBXBuildFile; fileRef = 701CC4C52AD2875700852E2E /* FileManagerHelper.swift */; };
		702E21902BCA617B00147279 /* HistoryRepository.swift in Sources */ = {isa = PBXBuildFile; fileRef = 70C144D52AC825DE007F0540 /* HistoryRepository.swift */; };
		702E21912BCA619900147279 /* WidgetBridge.swift in Sources */ = {isa = PBXBuildFile; fileRef = 708AF2B52B36D38400658D6B /* WidgetBridge.swift */; };
		702E21922BCA61EC00147279 /* APIClient.swift in Sources */ = {isa = PBXBuildFile; fileRef = 70C144D22AC82558007F0540 /* APIClient.swift */; };
		702E21932BCA620100147279 /* CustomError.swift in Sources */ = {isa = PBXBuildFile; fileRef = 703CD5EF2AC015C900BC76D4 /* CustomError.swift */; };
		702E21942BCA620D00147279 /* ExerciseRepository.swift in Sources */ = {isa = PBXBuildFile; fileRef = 70C144D92AC82866007F0540 /* ExerciseRepository.swift */; };
		702E21952BCA621800147279 /* GrassView.swift in Sources */ = {isa = PBXBuildFile; fileRef = 703E547A2ADBD5D900E7D911 /* GrassView.swift */; };
		702E21962BCA621D00147279 /* UserRepository.swift in Sources */ = {isa = PBXBuildFile; fileRef = 701CC4AB2AD271CF00852E2E /* UserRepository.swift */; };
		703CD5EA2AC0139600BC76D4 /* FileUploader.swift in Sources */ = {isa = PBXBuildFile; fileRef = 703CD5E92AC0139600BC76D4 /* FileUploader.swift */; };
		703CD5EC2AC013D300BC76D4 /* FirebaseFirestore in Frameworks */ = {isa = PBXBuildFile; productRef = 703CD5EB2AC013D300BC76D4 /* FirebaseFirestore */; };
		703CD5EE2AC0148800BC76D4 /* FirebaseStorage in Frameworks */ = {isa = PBXBuildFile; productRef = 703CD5ED2AC0148800BC76D4 /* FirebaseStorage */; };
		703CD5F02AC015C900BC76D4 /* CustomError.swift in Sources */ = {isa = PBXBuildFile; fileRef = 703CD5EF2AC015C900BC76D4 /* CustomError.swift */; };
		703E547B2ADBD5D900E7D911 /* GrassView.swift in Sources */ = {isa = PBXBuildFile; fileRef = 703E547A2ADBD5D900E7D911 /* GrassView.swift */; };
		7054F7E42B08BC3300C5678E /* WatchWorkoutAppInfoView.swift in Sources */ = {isa = PBXBuildFile; fileRef = 7054F7E32B08BC3300C5678E /* WatchWorkoutAppInfoView.swift */; };
		705AB7A02B009F7500418B46 /* LoadingView.swift in Sources */ = {isa = PBXBuildFile; fileRef = 705AB79F2B009F7500418B46 /* LoadingView.swift */; };
		705AB7A22B009F8A00418B46 /* SuccessView.swift in Sources */ = {isa = PBXBuildFile; fileRef = 705AB7A12B009F8A00418B46 /* SuccessView.swift */; };
		705EC0A92AFF7C530085801A /* GrassData.swift in Sources */ = {isa = PBXBuildFile; fileRef = 705EC0A82AFF7C530085801A /* GrassData.swift */; };
		7060FDB02AC5E1C3001A2198 /* ErrorView.swift in Sources */ = {isa = PBXBuildFile; fileRef = 7060FDAF2AC5E1C3001A2198 /* ErrorView.swift */; };
		70756EEE2BCA683D0035EFF4 /* HealthRepositoryTest.swift in Sources */ = {isa = PBXBuildFile; fileRef = 70756EED2BCA683D0035EFF4 /* HealthRepositoryTest.swift */; };
		70756EEF2BCA68530035EFF4 /* HealthRepositoryTest.swift in Sources */ = {isa = PBXBuildFile; fileRef = 70756EED2BCA683D0035EFF4 /* HealthRepositoryTest.swift */; };
		70756EF12BCA68700035EFF4 /* HistoryRepositoryV2Test.swift in Sources */ = {isa = PBXBuildFile; fileRef = 70756EF02BCA68700035EFF4 /* HistoryRepositoryV2Test.swift */; };
		70756EF22BCA68730035EFF4 /* HistoryRepositoryV2Test.swift in Sources */ = {isa = PBXBuildFile; fileRef = 70756EF02BCA68700035EFF4 /* HistoryRepositoryV2Test.swift */; };
		70756EF52BCA68E70035EFF4 /* HistoryListItemView.swift in Sources */ = {isa = PBXBuildFile; fileRef = 70756EF42BCA68E70035EFF4 /* HistoryListItemView.swift */; };
		70756EF72BCA6C210035EFF4 /* ExerciseRepositoryV2.swift in Sources */ = {isa = PBXBuildFile; fileRef = 70756EF62BCA6C210035EFF4 /* ExerciseRepositoryV2.swift */; };
		70756EFB2BCA6C4B0035EFF4 /* ExerciseRepositoryV2Live.swift in Sources */ = {isa = PBXBuildFile; fileRef = 70756EFA2BCA6C4B0035EFF4 /* ExerciseRepositoryV2Live.swift */; };
		70756EFD2BCA6D680035EFF4 /* ExerciseRepositoryV2Test.swift in Sources */ = {isa = PBXBuildFile; fileRef = 70756EFC2BCA6D680035EFF4 /* ExerciseRepositoryV2Test.swift */; };
		70756F022BCA75E10035EFF4 /* HistorySectionView.swift in Sources */ = {isa = PBXBuildFile; fileRef = 70756F012BCA75E10035EFF4 /* HistorySectionView.swift */; };
		707B8FC72ABF1CAC008ADECE /* UserStore.swift in Sources */ = {isa = PBXBuildFile; fileRef = 707B8FC62ABF1CAC008ADECE /* UserStore.swift */; };
		707B8FC92ABF1D37008ADECE /* Store.swift in Sources */ = {isa = PBXBuildFile; fileRef = 707B8FC82ABF1D37008ADECE /* Store.swift */; };
		707B8FD32ABF207F008ADECE /* Authenticator.swift in Sources */ = {isa = PBXBuildFile; fileRef = 707B8FD22ABF207F008ADECE /* Authenticator.swift */; };
		707BBF182AF7D1D800A8ABD2 /* Height.swift in Sources */ = {isa = PBXBuildFile; fileRef = 707BBF172AF7D1D800A8ABD2 /* Height.swift */; };
		707BBF1A2AF7D39700A8ABD2 /* BodyMass.swift in Sources */ = {isa = PBXBuildFile; fileRef = 707BBF192AF7D39700A8ABD2 /* BodyMass.swift */; };
		7083E6B42ABF065F007D43CE /* GoogleService-Info.plist in Resources */ = {isa = PBXBuildFile; fileRef = 7083E6B32ABF065F007D43CE /* GoogleService-Info.plist */; };
		7083E6B72ABF06B7007D43CE /* FirebaseAnalytics in Frameworks */ = {isa = PBXBuildFile; productRef = 7083E6B62ABF06B7007D43CE /* FirebaseAnalytics */; };
		7083E6B92ABF06B7007D43CE /* FirebaseAnalyticsOnDeviceConversion in Frameworks */ = {isa = PBXBuildFile; productRef = 7083E6B82ABF06B7007D43CE /* FirebaseAnalyticsOnDeviceConversion */; };
		7083E6BB2ABF06B7007D43CE /* FirebaseAnalyticsSwift in Frameworks */ = {isa = PBXBuildFile; productRef = 7083E6BA2ABF06B7007D43CE /* FirebaseAnalyticsSwift */; };
		7083E6BD2ABF06B7007D43CE /* FirebaseAnalyticsWithoutAdIdSupport in Frameworks */ = {isa = PBXBuildFile; productRef = 7083E6BC2ABF06B7007D43CE /* FirebaseAnalyticsWithoutAdIdSupport */; };
		7083E6BF2ABF06B7007D43CE /* FirebaseAppCheck in Frameworks */ = {isa = PBXBuildFile; productRef = 7083E6BE2ABF06B7007D43CE /* FirebaseAppCheck */; };
		7083E6C32ABF0C62007D43CE /* SignInView.swift in Sources */ = {isa = PBXBuildFile; fileRef = 7083E6C22ABF0C62007D43CE /* SignInView.swift */; };
		7083E6C62ABF0EC9007D43CE /* AppleAuthCoordinator.swift in Sources */ = {isa = PBXBuildFile; fileRef = 7083E6C52ABF0EC9007D43CE /* AppleAuthCoordinator.swift */; };
		7083E6C92ABF0F45007D43CE /* FirebaseAuth in Frameworks */ = {isa = PBXBuildFile; productRef = 7083E6C82ABF0F45007D43CE /* FirebaseAuth */; };
		708508C42AF626990035BB9D /* HealthStore.swift in Sources */ = {isa = PBXBuildFile; fileRef = 708508C32AF626990035BB9D /* HealthStore.swift */; };
		7086C2F72B924B6700D034B0 /* ImageSaver.swift in Sources */ = {isa = PBXBuildFile; fileRef = 7086C2F62B924B6700D034B0 /* ImageSaver.swift */; };
		70884B912ADBB9AA001FA252 /* PieChartView.swift in Sources */ = {isa = PBXBuildFile; fileRef = 70884B902ADBB9AA001FA252 /* PieChartView.swift */; };
		708AF2AC2B36D05B00658D6B /* GrassData.swift in Sources */ = {isa = PBXBuildFile; fileRef = 708AF2AA2B36D04400658D6B /* GrassData.swift */; };
		708AF2B02B36D0A300658D6B /* GrassView.swift in Sources */ = {isa = PBXBuildFile; fileRef = 708AF2AE2B36D09F00658D6B /* GrassView.swift */; };
		708AF2B32B36D28C00658D6B /* GrassDatasource.swift in Sources */ = {isa = PBXBuildFile; fileRef = 708AF2B12B36D23F00658D6B /* GrassDatasource.swift */; };
		708AF2B42B36D33C00658D6B /* FileManagerHelper.swift in Sources */ = {isa = PBXBuildFile; fileRef = 701CC4C52AD2875700852E2E /* FileManagerHelper.swift */; };
		708AF2B62B36D38400658D6B /* WidgetBridge.swift in Sources */ = {isa = PBXBuildFile; fileRef = 708AF2B52B36D38400658D6B /* WidgetBridge.swift */; };
		708AF2B72B36D38B00658D6B /* WidgetBridge.swift in Sources */ = {isa = PBXBuildFile; fileRef = 708AF2B52B36D38400658D6B /* WidgetBridge.swift */; };
		708F0A682B414D34001AF089 /* leg_extension.gif in Resources */ = {isa = PBXBuildFile; fileRef = 708F0A632B414D34001AF089 /* leg_extension.gif */; };
		708F0A692B414D34001AF089 /* bicep_curl.gif in Resources */ = {isa = PBXBuildFile; fileRef = 708F0A642B414D34001AF089 /* bicep_curl.gif */; };
		708F0A6A2B414D34001AF089 /* push_up.gif in Resources */ = {isa = PBXBuildFile; fileRef = 708F0A652B414D34001AF089 /* push_up.gif */; };
		708F0A6B2B414D34001AF089 /* leg_press.gif in Resources */ = {isa = PBXBuildFile; fileRef = 708F0A662B414D34001AF089 /* leg_press.gif */; };
		708F0A6C2B414D34001AF089 /* leg_curl.gif in Resources */ = {isa = PBXBuildFile; fileRef = 708F0A672B414D34001AF089 /* leg_curl.gif */; };
		708F0A792B414D4A001AF089 /* DeadliftInfoView.swift in Sources */ = {isa = PBXBuildFile; fileRef = 708F0A6D2B414D49001AF089 /* DeadliftInfoView.swift */; };
		708F0A7A2B414D4A001AF089 /* PushUpInfoView.swift in Sources */ = {isa = PBXBuildFile; fileRef = 708F0A6E2B414D4A001AF089 /* PushUpInfoView.swift */; };
		708F0A7B2B414D4A001AF089 /* TricepPushDownInfoView.swift in Sources */ = {isa = PBXBuildFile; fileRef = 708F0A6F2B414D4A001AF089 /* TricepPushDownInfoView.swift */; };
		708F0A7C2B414D4A001AF089 /* LegCurlInfoView.swift in Sources */ = {isa = PBXBuildFile; fileRef = 708F0A702B414D4A001AF089 /* LegCurlInfoView.swift */; };
		708F0A7D2B414D4A001AF089 /* LegExtensionInfoView.swift in Sources */ = {isa = PBXBuildFile; fileRef = 708F0A712B414D4A001AF089 /* LegExtensionInfoView.swift */; };
		708F0A7E2B414D4A001AF089 /* LegPressInfoView.swift in Sources */ = {isa = PBXBuildFile; fileRef = 708F0A722B414D4A001AF089 /* LegPressInfoView.swift */; };
		708F0A7F2B414D4A001AF089 /* BicepCurlInfoView.swift in Sources */ = {isa = PBXBuildFile; fileRef = 708F0A732B414D4A001AF089 /* BicepCurlInfoView.swift */; };
		708F0A802B414D4A001AF089 /* PullUpInfoView.swift in Sources */ = {isa = PBXBuildFile; fileRef = 708F0A742B414D4A001AF089 /* PullUpInfoView.swift */; };
		708F0A812B414D4A001AF089 /* ExerciseGuideListView.swift in Sources */ = {isa = PBXBuildFile; fileRef = 708F0A752B414D4A001AF089 /* ExerciseGuideListView.swift */; };
		708F0A822B414D4A001AF089 /* SquatInfoView.swift in Sources */ = {isa = PBXBuildFile; fileRef = 708F0A762B414D4A001AF089 /* SquatInfoView.swift */; };
		708F0A832B414D4A001AF089 /* ExerciseInfoContainerView.swift in Sources */ = {isa = PBXBuildFile; fileRef = 708F0A772B414D4A001AF089 /* ExerciseInfoContainerView.swift */; };
		708F0A842B414D4A001AF089 /* BenchpressInfoView.swift in Sources */ = {isa = PBXBuildFile; fileRef = 708F0A782B414D4A001AF089 /* BenchpressInfoView.swift */; };
		708F0A862B414D6F001AF089 /* SDWebImageSwiftUI in Frameworks */ = {isa = PBXBuildFile; productRef = 708F0A852B414D6F001AF089 /* SDWebImageSwiftUI */; };
		709B540D2AC999D000C282E9 /* ExerciseFormView.swift in Sources */ = {isa = PBXBuildFile; fileRef = 709B540C2AC999D000C282E9 /* ExerciseFormView.swift */; };
		70A61BDF2B7639D40068F321 /* WebView.swift in Sources */ = {isa = PBXBuildFile; fileRef = 70A61BDE2B7639D40068F321 /* WebView.swift */; };
		70A708D92B13315A0013A237 /* MemoView.swift in Sources */ = {isa = PBXBuildFile; fileRef = 70A708D82B13315A0013A237 /* MemoView.swift */; };
		70A74E8A2AC8433F00EA7A35 /* ExerciseStore.swift in Sources */ = {isa = PBXBuildFile; fileRef = 70A74E892AC8433F00EA7A35 /* ExerciseStore.swift */; };
		70A74E8C2AC8439C00EA7A35 /* HistoryFormView.swift in Sources */ = {isa = PBXBuildFile; fileRef = 70A74E8B2AC8439C00EA7A35 /* HistoryFormView.swift */; };
		70A9B7412ACBCFC70061DAA3 /* BodyProfileView.swift in Sources */ = {isa = PBXBuildFile; fileRef = 70A9B7402ACBCFC70061DAA3 /* BodyProfileView.swift */; };
		70AC465F2ABFF82D00BFE46D /* SettingView.swift in Sources */ = {isa = PBXBuildFile; fileRef = 70AC465E2ABFF82D00BFE46D /* SettingView.swift */; };
		70B5080C2AC51D4300FC0540 /* PhotoPickerView.swift in Sources */ = {isa = PBXBuildFile; fileRef = 70B5080B2AC51D4300FC0540 /* PhotoPickerView.swift */; };
		70B5080F2AC51FD900FC0540 /* DependencyInjection.swift in Sources */ = {isa = PBXBuildFile; fileRef = 70B5080E2AC51FD900FC0540 /* DependencyInjection.swift */; };
		70BB52182B37EC1D00EC606D /* Localizable.xcstrings in Resources */ = {isa = PBXBuildFile; fileRef = 70BB52172B37EC1D00EC606D /* Localizable.xcstrings */; };
		70BDDB4F2B947B01002FCEEA /* FullRecordsView_RecordView.swift in Sources */ = {isa = PBXBuildFile; fileRef = 70BDDB4B2B947B01002FCEEA /* FullRecordsView_RecordView.swift */; };
		70BDDB502B947B01002FCEEA /* FullRecordsView_BottomSheet.swift in Sources */ = {isa = PBXBuildFile; fileRef = 70BDDB4C2B947B01002FCEEA /* FullRecordsView_BottomSheet.swift */; };
		70BDDB512B947B01002FCEEA /* FullRecordsView.swift in Sources */ = {isa = PBXBuildFile; fileRef = 70BDDB4D2B947B01002FCEEA /* FullRecordsView.swift */; };
		70BDDB522B947B01002FCEEA /* FullRecordsView_SetView.swift in Sources */ = {isa = PBXBuildFile; fileRef = 70BDDB4E2B947B01002FCEEA /* FullRecordsView_SetView.swift */; };
		70BFFF142B7747E600C8A8C8 /* GuideView.swift in Sources */ = {isa = PBXBuildFile; fileRef = 70BFFF132B7747E600C8A8C8 /* GuideView.swift */; };
		70C0559B2B79F9F300375526 /* AppDelegate.swift in Sources */ = {isa = PBXBuildFile; fileRef = 70C0559A2B79F9F300375526 /* AppDelegate.swift */; };
		70C0559D2B79FB4600375526 /* QuickAction.swift in Sources */ = {isa = PBXBuildFile; fileRef = 70C0559C2B79FB4600375526 /* QuickAction.swift */; };
		70C0559F2B79FC0800375526 /* SceneDelegate.swift in Sources */ = {isa = PBXBuildFile; fileRef = 70C0559E2B79FC0800375526 /* SceneDelegate.swift */; };
		70C055A32B7A04B200375526 /* QuickActionSubscriber.swift in Sources */ = {isa = PBXBuildFile; fileRef = 70C055A22B7A04B200375526 /* QuickActionSubscriber.swift */; };
		70C055A52B7A050400375526 /* Subscriber.swift in Sources */ = {isa = PBXBuildFile; fileRef = 70C055A42B7A050400375526 /* Subscriber.swift */; };
		70C144D32AC82558007F0540 /* APIClient.swift in Sources */ = {isa = PBXBuildFile; fileRef = 70C144D22AC82558007F0540 /* APIClient.swift */; };
		70C144D62AC825DE007F0540 /* HistoryRepository.swift in Sources */ = {isa = PBXBuildFile; fileRef = 70C144D52AC825DE007F0540 /* HistoryRepository.swift */; };
		70C144D82AC82807007F0540 /* DefaultResponse.swift in Sources */ = {isa = PBXBuildFile; fileRef = 70C144D72AC82807007F0540 /* DefaultResponse.swift */; };
		70C144DA2AC82866007F0540 /* ExerciseRepository.swift in Sources */ = {isa = PBXBuildFile; fileRef = 70C144D92AC82866007F0540 /* ExerciseRepository.swift */; };
		70D17E0D2AC5D70B00B86E37 /* WithdrawalConfirmView.swift in Sources */ = {isa = PBXBuildFile; fileRef = 70D17E0C2AC5D70B00B86E37 /* WithdrawalConfirmView.swift */; };
		70D3418A2ACC03350010EAF9 /* ExerciseListView.swift in Sources */ = {isa = PBXBuildFile; fileRef = 70D341892ACC03350010EAF9 /* ExerciseListView.swift */; };
		70D3418F2ACC081E0010EAF9 /* Extension+Sequence.swift in Sources */ = {isa = PBXBuildFile; fileRef = 70D3418E2ACC081E0010EAF9 /* Extension+Sequence.swift */; };
		70D9033D2AC5A70A001DDC0B /* Vibration.swift in Sources */ = {isa = PBXBuildFile; fileRef = 70D9033C2AC5A70A001DDC0B /* Vibration.swift */; };
		70E156942AD2D6C50019329C /* RecordSetsView.swift in Sources */ = {isa = PBXBuildFile; fileRef = 70E156932AD2D6C50019329C /* RecordSetsView.swift */; };
		70E556002ABF010C006D4DA0 /* dg_muscle_iosApp.swift in Sources */ = {isa = PBXBuildFile; fileRef = 70E555FF2ABF010C006D4DA0 /* dg_muscle_iosApp.swift */; };
		70E556022ABF010C006D4DA0 /* ContentView.swift in Sources */ = {isa = PBXBuildFile; fileRef = 70E556012ABF010C006D4DA0 /* ContentView.swift */; };
		70E556042ABF010D006D4DA0 /* Assets.xcassets in Resources */ = {isa = PBXBuildFile; fileRef = 70E556032ABF010D006D4DA0 /* Assets.xcassets */; };
		70E556072ABF010D006D4DA0 /* Preview Assets.xcassets in Resources */ = {isa = PBXBuildFile; fileRef = 70E556062ABF010D006D4DA0 /* Preview Assets.xcassets */; };
		70F0E4012AE3BD5800AFFCF7 /* ChartView.swift in Sources */ = {isa = PBXBuildFile; fileRef = 70F0E4002AE3BD5800AFFCF7 /* ChartView.swift */; };
		70F8389E2AC7FE36009725EF /* CreatedAt.swift in Sources */ = {isa = PBXBuildFile; fileRef = 70F8389D2AC7FE36009725EF /* CreatedAt.swift */; };
		70F838A02AC7FE4D009725EF /* Exercise.swift in Sources */ = {isa = PBXBuildFile; fileRef = 70F8389F2AC7FE4D009725EF /* Exercise.swift */; };
		70F838A22AC7FE84009725EF /* ExerciseHistory.swift in Sources */ = {isa = PBXBuildFile; fileRef = 70F838A12AC7FE84009725EF /* ExerciseHistory.swift */; };
		70F838A42AC7FE96009725EF /* ExerciseHistorySection.swift in Sources */ = {isa = PBXBuildFile; fileRef = 70F838A32AC7FE96009725EF /* ExerciseHistorySection.swift */; };
		70F838A62AC7FEA8009725EF /* ExerciseSet.swift in Sources */ = {isa = PBXBuildFile; fileRef = 70F838A52AC7FEA8009725EF /* ExerciseSet.swift */; };
		70F838A82AC7FEB6009725EF /* Record.swift in Sources */ = {isa = PBXBuildFile; fileRef = 70F838A72AC7FEB6009725EF /* Record.swift */; };
		70F838AA2AC7FEE1009725EF /* HistoryStore.swift in Sources */ = {isa = PBXBuildFile; fileRef = 70F838A92AC7FEE1009725EF /* HistoryStore.swift */; };
		70F838AD2AC7FFB5009725EF /* ExerciseDiaryView.swift in Sources */ = {isa = PBXBuildFile; fileRef = 70F838AC2AC7FFB5009725EF /* ExerciseDiaryView.swift */; };
		70FB87B52ACAAE9F00B6B432 /* SetFormView.swift in Sources */ = {isa = PBXBuildFile; fileRef = 70FB87B42ACAAE9F00B6B432 /* SetFormView.swift */; };
		70FF30362B77627E008E03DD /* IntroduceView.swift in Sources */ = {isa = PBXBuildFile; fileRef = 70FF30352B77627E008E03DD /* IntroduceView.swift */; };
/* End PBXBuildFile section */

/* Begin PBXContainerItemProxy section */
		70240BF62ADC1FF900B87A79 /* PBXContainerItemProxy */ = {
			isa = PBXContainerItemProxy;
			containerPortal = 70E555F42ABF010C006D4DA0 /* Project object */;
			proxyType = 1;
			remoteGlobalIDString = 70240BE42ADC1FF800B87A79;
			remoteInfo = "dg-muscle-ios-widgetExtension";
		};
		70A898BE2B6FA0B1009B16FF /* PBXContainerItemProxy */ = {
			isa = PBXContainerItemProxy;
			containerPortal = 70E555F42ABF010C006D4DA0 /* Project object */;
			proxyType = 1;
			remoteGlobalIDString = 70E555FB2ABF010C006D4DA0;
			remoteInfo = "dg-muscle-ios";
		};
/* End PBXContainerItemProxy section */

/* Begin PBXCopyFilesBuildPhase section */
		70240BF92ADC1FF900B87A79 /* Embed Foundation Extensions */ = {
			isa = PBXCopyFilesBuildPhase;
			buildActionMask = 2147483647;
			dstPath = "";
			dstSubfolderSpec = 13;
			files = (
				70240BF82ADC1FF900B87A79 /* dg-muscle-ios-widgetExtension.appex in Embed Foundation Extensions */,
			);
			name = "Embed Foundation Extensions";
			runOnlyForDeploymentPostprocessing = 0;
		};
/* End PBXCopyFilesBuildPhase section */

/* Begin PBXFileReference section */
		7003E7C32AC86C2D00AFE1C2 /* RecordFormView.swift */ = {isa = PBXFileReference; lastKnownFileType = sourcecode.swift; path = RecordFormView.swift; sourceTree = "<group>"; };
		700BB60A2AE513AF008B8132 /* MonthlyChartView.swift */ = {isa = PBXFileReference; lastKnownFileType = sourcecode.swift; path = MonthlyChartView.swift; sourceTree = "<group>"; };
		701042112AEE483400FAD52C /* UserCache.swift */ = {isa = PBXFileReference; lastKnownFileType = sourcecode.swift; path = UserCache.swift; sourceTree = "<group>"; };
		7019642E2AD41C4A00ED39BF /* ExerciseSection.swift */ = {isa = PBXFileReference; lastKnownFileType = sourcecode.swift; path = ExerciseSection.swift; sourceTree = "<group>"; };
		701964302AD41CE400ED39BF /* SelectExerciseView.swift */ = {isa = PBXFileReference; lastKnownFileType = sourcecode.swift; path = SelectExerciseView.swift; sourceTree = "<group>"; };
		701CC4AB2AD271CF00852E2E /* UserRepository.swift */ = {isa = PBXFileReference; lastKnownFileType = sourcecode.swift; path = UserRepository.swift; sourceTree = "<group>"; };
		701CC4AD2AD2720200852E2E /* Profile.swift */ = {isa = PBXFileReference; lastKnownFileType = sourcecode.swift; path = Profile.swift; sourceTree = "<group>"; };
		701CC4C52AD2875700852E2E /* FileManagerHelper.swift */ = {isa = PBXFileReference; lastKnownFileType = sourcecode.swift; path = FileManagerHelper.swift; sourceTree = "<group>"; };
		70226B872AF7765400379ED3 /* WorkoutMetaData.swift */ = {isa = PBXFileReference; lastKnownFileType = sourcecode.swift; path = WorkoutMetaData.swift; sourceTree = "<group>"; };
		70240BE52ADC1FF800B87A79 /* dg-muscle-ios-widgetExtension.appex */ = {isa = PBXFileReference; explicitFileType = "wrapper.app-extension"; includeInIndex = 0; path = "dg-muscle-ios-widgetExtension.appex"; sourceTree = BUILT_PRODUCTS_DIR; };
		70240BE62ADC1FF800B87A79 /* WidgetKit.framework */ = {isa = PBXFileReference; lastKnownFileType = wrapper.framework; name = WidgetKit.framework; path = System/Library/Frameworks/WidgetKit.framework; sourceTree = SDKROOT; };
		70240BE82ADC1FF800B87A79 /* SwiftUI.framework */ = {isa = PBXFileReference; lastKnownFileType = wrapper.framework; name = SwiftUI.framework; path = System/Library/Frameworks/SwiftUI.framework; sourceTree = SDKROOT; };
		70240BEB2ADC1FF800B87A79 /* dg_muscle_ios_widgetBundle.swift */ = {isa = PBXFileReference; lastKnownFileType = sourcecode.swift; path = dg_muscle_ios_widgetBundle.swift; sourceTree = "<group>"; };
		70240BED2ADC1FF800B87A79 /* dg_muscle_ios_widgetLiveActivity.swift */ = {isa = PBXFileReference; lastKnownFileType = sourcecode.swift; path = dg_muscle_ios_widgetLiveActivity.swift; sourceTree = "<group>"; };
		70240BEF2ADC1FF800B87A79 /* dg_muscle_ios_widget.swift */ = {isa = PBXFileReference; lastKnownFileType = sourcecode.swift; path = dg_muscle_ios_widget.swift; sourceTree = "<group>"; };
		70240BF12ADC1FF800B87A79 /* AppIntent.swift */ = {isa = PBXFileReference; lastKnownFileType = sourcecode.swift; path = AppIntent.swift; sourceTree = "<group>"; };
		70240BF32ADC1FF900B87A79 /* Assets.xcassets */ = {isa = PBXFileReference; lastKnownFileType = folder.assetcatalog; path = Assets.xcassets; sourceTree = "<group>"; };
		70240BF52ADC1FF900B87A79 /* Info.plist */ = {isa = PBXFileReference; lastKnownFileType = text.plist.xml; path = Info.plist; sourceTree = "<group>"; };
		70240BFD2ADC201C00B87A79 /* dg-muscle-ios-widgetExtension.entitlements */ = {isa = PBXFileReference; lastKnownFileType = text.plist.entitlements; path = "dg-muscle-ios-widgetExtension.entitlements"; sourceTree = "<group>"; };
		702D895A2B9226F8008EA220 /* ActivityView.swift */ = {isa = PBXFileReference; lastKnownFileType = sourcecode.swift; path = ActivityView.swift; sourceTree = "<group>"; };
		702E21672BCA53BC00147279 /* HistoryView.swift */ = {isa = PBXFileReference; lastKnownFileType = sourcecode.swift; path = HistoryView.swift; sourceTree = "<group>"; };
		702E216A2BCA541C00147279 /* HistoryViewModel.swift */ = {isa = PBXFileReference; lastKnownFileType = sourcecode.swift; path = HistoryViewModel.swift; sourceTree = "<group>"; };
		702E216D2BCA55C500147279 /* HistoryRepositoryV2.swift */ = {isa = PBXFileReference; lastKnownFileType = sourcecode.swift; path = HistoryRepositoryV2.swift; sourceTree = "<group>"; };
		702E216F2BCA55D600147279 /* HistoryRepositoryV2Impl.swift */ = {isa = PBXFileReference; lastKnownFileType = sourcecode.swift; path = HistoryRepositoryV2Impl.swift; sourceTree = "<group>"; };
		702E21712BCA587700147279 /* HealthRepository.swift */ = {isa = PBXFileReference; lastKnownFileType = sourcecode.swift; path = HealthRepository.swift; sourceTree = "<group>"; };
		702E21732BCA588A00147279 /* HealthRepositoryLive.swift */ = {isa = PBXFileReference; lastKnownFileType = sourcecode.swift; path = HealthRepositoryLive.swift; sourceTree = "<group>"; };
		702E21762BCA5DEF00147279 /* historyTests.swift */ = {isa = PBXFileReference; lastKnownFileType = sourcecode.swift; path = historyTests.swift; sourceTree = "<group>"; };
		703CD5E92AC0139600BC76D4 /* FileUploader.swift */ = {isa = PBXFileReference; lastKnownFileType = sourcecode.swift; path = FileUploader.swift; sourceTree = "<group>"; };
		703CD5EF2AC015C900BC76D4 /* CustomError.swift */ = {isa = PBXFileReference; lastKnownFileType = sourcecode.swift; path = CustomError.swift; sourceTree = "<group>"; };
		703E547A2ADBD5D900E7D911 /* GrassView.swift */ = {isa = PBXFileReference; lastKnownFileType = sourcecode.swift; path = GrassView.swift; sourceTree = "<group>"; };
		7054F7E32B08BC3300C5678E /* WatchWorkoutAppInfoView.swift */ = {isa = PBXFileReference; lastKnownFileType = sourcecode.swift; path = WatchWorkoutAppInfoView.swift; sourceTree = "<group>"; };
		705AB79F2B009F7500418B46 /* LoadingView.swift */ = {isa = PBXFileReference; lastKnownFileType = sourcecode.swift; path = LoadingView.swift; sourceTree = "<group>"; };
		705AB7A12B009F8A00418B46 /* SuccessView.swift */ = {isa = PBXFileReference; lastKnownFileType = sourcecode.swift; path = SuccessView.swift; sourceTree = "<group>"; };
		705EC0A82AFF7C530085801A /* GrassData.swift */ = {isa = PBXFileReference; lastKnownFileType = sourcecode.swift; path = GrassData.swift; sourceTree = "<group>"; };
		7060FDAF2AC5E1C3001A2198 /* ErrorView.swift */ = {isa = PBXFileReference; lastKnownFileType = sourcecode.swift; path = ErrorView.swift; sourceTree = "<group>"; };
		70756EED2BCA683D0035EFF4 /* HealthRepositoryTest.swift */ = {isa = PBXFileReference; lastKnownFileType = sourcecode.swift; path = HealthRepositoryTest.swift; sourceTree = "<group>"; };
		70756EF02BCA68700035EFF4 /* HistoryRepositoryV2Test.swift */ = {isa = PBXFileReference; lastKnownFileType = sourcecode.swift; path = HistoryRepositoryV2Test.swift; sourceTree = "<group>"; };
		70756EF42BCA68E70035EFF4 /* HistoryListItemView.swift */ = {isa = PBXFileReference; lastKnownFileType = sourcecode.swift; path = HistoryListItemView.swift; sourceTree = "<group>"; };
		70756EF62BCA6C210035EFF4 /* ExerciseRepositoryV2.swift */ = {isa = PBXFileReference; lastKnownFileType = sourcecode.swift; path = ExerciseRepositoryV2.swift; sourceTree = "<group>"; };
		70756EFA2BCA6C4B0035EFF4 /* ExerciseRepositoryV2Live.swift */ = {isa = PBXFileReference; lastKnownFileType = sourcecode.swift; path = ExerciseRepositoryV2Live.swift; sourceTree = "<group>"; };
		70756EFC2BCA6D680035EFF4 /* ExerciseRepositoryV2Test.swift */ = {isa = PBXFileReference; lastKnownFileType = sourcecode.swift; path = ExerciseRepositoryV2Test.swift; sourceTree = "<group>"; };
		70756F012BCA75E10035EFF4 /* HistorySectionView.swift */ = {isa = PBXFileReference; lastKnownFileType = sourcecode.swift; path = HistorySectionView.swift; sourceTree = "<group>"; };
		707B8FC62ABF1CAC008ADECE /* UserStore.swift */ = {isa = PBXFileReference; lastKnownFileType = sourcecode.swift; path = UserStore.swift; sourceTree = "<group>"; };
		707B8FC82ABF1D37008ADECE /* Store.swift */ = {isa = PBXFileReference; lastKnownFileType = sourcecode.swift; path = Store.swift; sourceTree = "<group>"; };
		707B8FD22ABF207F008ADECE /* Authenticator.swift */ = {isa = PBXFileReference; lastKnownFileType = sourcecode.swift; path = Authenticator.swift; sourceTree = "<group>"; };
		707BBF172AF7D1D800A8ABD2 /* Height.swift */ = {isa = PBXFileReference; lastKnownFileType = sourcecode.swift; path = Height.swift; sourceTree = "<group>"; };
		707BBF192AF7D39700A8ABD2 /* BodyMass.swift */ = {isa = PBXFileReference; lastKnownFileType = sourcecode.swift; path = BodyMass.swift; sourceTree = "<group>"; };
		7083E6B32ABF065F007D43CE /* GoogleService-Info.plist */ = {isa = PBXFileReference; fileEncoding = 4; lastKnownFileType = text.plist.xml; path = "GoogleService-Info.plist"; sourceTree = "<group>"; };
		7083E6C22ABF0C62007D43CE /* SignInView.swift */ = {isa = PBXFileReference; lastKnownFileType = sourcecode.swift; path = SignInView.swift; sourceTree = "<group>"; };
		7083E6C52ABF0EC9007D43CE /* AppleAuthCoordinator.swift */ = {isa = PBXFileReference; lastKnownFileType = sourcecode.swift; path = AppleAuthCoordinator.swift; sourceTree = "<group>"; };
		708508C22AF625EE0035BB9D /* Info.plist */ = {isa = PBXFileReference; lastKnownFileType = text.plist; path = Info.plist; sourceTree = "<group>"; };
		708508C32AF626990035BB9D /* HealthStore.swift */ = {isa = PBXFileReference; lastKnownFileType = sourcecode.swift; path = HealthStore.swift; sourceTree = "<group>"; };
		7086C2F62B924B6700D034B0 /* ImageSaver.swift */ = {isa = PBXFileReference; lastKnownFileType = sourcecode.swift; path = ImageSaver.swift; sourceTree = "<group>"; };
		70884B902ADBB9AA001FA252 /* PieChartView.swift */ = {isa = PBXFileReference; lastKnownFileType = sourcecode.swift; path = PieChartView.swift; sourceTree = "<group>"; };
		708AF2AA2B36D04400658D6B /* GrassData.swift */ = {isa = PBXFileReference; lastKnownFileType = sourcecode.swift; path = GrassData.swift; sourceTree = "<group>"; };
		708AF2AE2B36D09F00658D6B /* GrassView.swift */ = {isa = PBXFileReference; lastKnownFileType = sourcecode.swift; path = GrassView.swift; sourceTree = "<group>"; };
		708AF2B12B36D23F00658D6B /* GrassDatasource.swift */ = {isa = PBXFileReference; lastKnownFileType = sourcecode.swift; path = GrassDatasource.swift; sourceTree = "<group>"; };
		708AF2B52B36D38400658D6B /* WidgetBridge.swift */ = {isa = PBXFileReference; lastKnownFileType = sourcecode.swift; path = WidgetBridge.swift; sourceTree = "<group>"; };
		708F0A632B414D34001AF089 /* leg_extension.gif */ = {isa = PBXFileReference; lastKnownFileType = image.gif; path = leg_extension.gif; sourceTree = "<group>"; };
		708F0A642B414D34001AF089 /* bicep_curl.gif */ = {isa = PBXFileReference; lastKnownFileType = image.gif; path = bicep_curl.gif; sourceTree = "<group>"; };
		708F0A652B414D34001AF089 /* push_up.gif */ = {isa = PBXFileReference; lastKnownFileType = image.gif; path = push_up.gif; sourceTree = "<group>"; };
		708F0A662B414D34001AF089 /* leg_press.gif */ = {isa = PBXFileReference; lastKnownFileType = image.gif; path = leg_press.gif; sourceTree = "<group>"; };
		708F0A672B414D34001AF089 /* leg_curl.gif */ = {isa = PBXFileReference; lastKnownFileType = image.gif; path = leg_curl.gif; sourceTree = "<group>"; };
		708F0A6D2B414D49001AF089 /* DeadliftInfoView.swift */ = {isa = PBXFileReference; fileEncoding = 4; lastKnownFileType = sourcecode.swift; path = DeadliftInfoView.swift; sourceTree = "<group>"; };
		708F0A6E2B414D4A001AF089 /* PushUpInfoView.swift */ = {isa = PBXFileReference; fileEncoding = 4; lastKnownFileType = sourcecode.swift; path = PushUpInfoView.swift; sourceTree = "<group>"; };
		708F0A6F2B414D4A001AF089 /* TricepPushDownInfoView.swift */ = {isa = PBXFileReference; fileEncoding = 4; lastKnownFileType = sourcecode.swift; path = TricepPushDownInfoView.swift; sourceTree = "<group>"; };
		708F0A702B414D4A001AF089 /* LegCurlInfoView.swift */ = {isa = PBXFileReference; fileEncoding = 4; lastKnownFileType = sourcecode.swift; path = LegCurlInfoView.swift; sourceTree = "<group>"; };
		708F0A712B414D4A001AF089 /* LegExtensionInfoView.swift */ = {isa = PBXFileReference; fileEncoding = 4; lastKnownFileType = sourcecode.swift; path = LegExtensionInfoView.swift; sourceTree = "<group>"; };
		708F0A722B414D4A001AF089 /* LegPressInfoView.swift */ = {isa = PBXFileReference; fileEncoding = 4; lastKnownFileType = sourcecode.swift; path = LegPressInfoView.swift; sourceTree = "<group>"; };
		708F0A732B414D4A001AF089 /* BicepCurlInfoView.swift */ = {isa = PBXFileReference; fileEncoding = 4; lastKnownFileType = sourcecode.swift; path = BicepCurlInfoView.swift; sourceTree = "<group>"; };
		708F0A742B414D4A001AF089 /* PullUpInfoView.swift */ = {isa = PBXFileReference; fileEncoding = 4; lastKnownFileType = sourcecode.swift; path = PullUpInfoView.swift; sourceTree = "<group>"; };
		708F0A752B414D4A001AF089 /* ExerciseGuideListView.swift */ = {isa = PBXFileReference; fileEncoding = 4; lastKnownFileType = sourcecode.swift; path = ExerciseGuideListView.swift; sourceTree = "<group>"; };
		708F0A762B414D4A001AF089 /* SquatInfoView.swift */ = {isa = PBXFileReference; fileEncoding = 4; lastKnownFileType = sourcecode.swift; path = SquatInfoView.swift; sourceTree = "<group>"; };
		708F0A772B414D4A001AF089 /* ExerciseInfoContainerView.swift */ = {isa = PBXFileReference; fileEncoding = 4; lastKnownFileType = sourcecode.swift; path = ExerciseInfoContainerView.swift; sourceTree = "<group>"; };
		708F0A782B414D4A001AF089 /* BenchpressInfoView.swift */ = {isa = PBXFileReference; fileEncoding = 4; lastKnownFileType = sourcecode.swift; path = BenchpressInfoView.swift; sourceTree = "<group>"; };
		709B540C2AC999D000C282E9 /* ExerciseFormView.swift */ = {isa = PBXFileReference; lastKnownFileType = sourcecode.swift; path = ExerciseFormView.swift; sourceTree = "<group>"; };
		70A61BDE2B7639D40068F321 /* WebView.swift */ = {isa = PBXFileReference; lastKnownFileType = sourcecode.swift; path = WebView.swift; sourceTree = "<group>"; };
		70A708D82B13315A0013A237 /* MemoView.swift */ = {isa = PBXFileReference; lastKnownFileType = sourcecode.swift; path = MemoView.swift; sourceTree = "<group>"; };
		70A74E892AC8433F00EA7A35 /* ExerciseStore.swift */ = {isa = PBXFileReference; lastKnownFileType = sourcecode.swift; path = ExerciseStore.swift; sourceTree = "<group>"; };
		70A74E8B2AC8439C00EA7A35 /* HistoryFormView.swift */ = {isa = PBXFileReference; lastKnownFileType = sourcecode.swift; path = HistoryFormView.swift; sourceTree = "<group>"; };
		70A898BA2B6FA0B1009B16FF /* dg-muscle-iosTests.xctest */ = {isa = PBXFileReference; explicitFileType = wrapper.cfbundle; includeInIndex = 0; path = "dg-muscle-iosTests.xctest"; sourceTree = BUILT_PRODUCTS_DIR; };
		70A9B7402ACBCFC70061DAA3 /* BodyProfileView.swift */ = {isa = PBXFileReference; lastKnownFileType = sourcecode.swift; path = BodyProfileView.swift; sourceTree = "<group>"; };
		70AC465E2ABFF82D00BFE46D /* SettingView.swift */ = {isa = PBXFileReference; lastKnownFileType = sourcecode.swift; path = SettingView.swift; sourceTree = "<group>"; };
		70B5080B2AC51D4300FC0540 /* PhotoPickerView.swift */ = {isa = PBXFileReference; lastKnownFileType = sourcecode.swift; path = PhotoPickerView.swift; sourceTree = "<group>"; };
		70B5080E2AC51FD900FC0540 /* DependencyInjection.swift */ = {isa = PBXFileReference; lastKnownFileType = sourcecode.swift; path = DependencyInjection.swift; sourceTree = "<group>"; };
		70BB52172B37EC1D00EC606D /* Localizable.xcstrings */ = {isa = PBXFileReference; fileEncoding = 4; lastKnownFileType = text.json.xcstrings; path = Localizable.xcstrings; sourceTree = "<group>"; };
		70BDDB4B2B947B01002FCEEA /* FullRecordsView_RecordView.swift */ = {isa = PBXFileReference; fileEncoding = 4; lastKnownFileType = sourcecode.swift; path = FullRecordsView_RecordView.swift; sourceTree = "<group>"; };
		70BDDB4C2B947B01002FCEEA /* FullRecordsView_BottomSheet.swift */ = {isa = PBXFileReference; fileEncoding = 4; lastKnownFileType = sourcecode.swift; path = FullRecordsView_BottomSheet.swift; sourceTree = "<group>"; };
		70BDDB4D2B947B01002FCEEA /* FullRecordsView.swift */ = {isa = PBXFileReference; fileEncoding = 4; lastKnownFileType = sourcecode.swift; path = FullRecordsView.swift; sourceTree = "<group>"; };
		70BDDB4E2B947B01002FCEEA /* FullRecordsView_SetView.swift */ = {isa = PBXFileReference; fileEncoding = 4; lastKnownFileType = sourcecode.swift; path = FullRecordsView_SetView.swift; sourceTree = "<group>"; };
		70BFFF132B7747E600C8A8C8 /* GuideView.swift */ = {isa = PBXFileReference; lastKnownFileType = sourcecode.swift; path = GuideView.swift; sourceTree = "<group>"; };
		70C0559A2B79F9F300375526 /* AppDelegate.swift */ = {isa = PBXFileReference; lastKnownFileType = sourcecode.swift; path = AppDelegate.swift; sourceTree = "<group>"; };
		70C0559C2B79FB4600375526 /* QuickAction.swift */ = {isa = PBXFileReference; lastKnownFileType = sourcecode.swift; path = QuickAction.swift; sourceTree = "<group>"; };
		70C0559E2B79FC0800375526 /* SceneDelegate.swift */ = {isa = PBXFileReference; lastKnownFileType = sourcecode.swift; path = SceneDelegate.swift; sourceTree = "<group>"; };
		70C055A22B7A04B200375526 /* QuickActionSubscriber.swift */ = {isa = PBXFileReference; lastKnownFileType = sourcecode.swift; path = QuickActionSubscriber.swift; sourceTree = "<group>"; };
		70C055A42B7A050400375526 /* Subscriber.swift */ = {isa = PBXFileReference; lastKnownFileType = sourcecode.swift; path = Subscriber.swift; sourceTree = "<group>"; };
		70C144D22AC82558007F0540 /* APIClient.swift */ = {isa = PBXFileReference; lastKnownFileType = sourcecode.swift; path = APIClient.swift; sourceTree = "<group>"; };
		70C144D52AC825DE007F0540 /* HistoryRepository.swift */ = {isa = PBXFileReference; lastKnownFileType = sourcecode.swift; path = HistoryRepository.swift; sourceTree = "<group>"; };
		70C144D72AC82807007F0540 /* DefaultResponse.swift */ = {isa = PBXFileReference; lastKnownFileType = sourcecode.swift; path = DefaultResponse.swift; sourceTree = "<group>"; };
		70C144D92AC82866007F0540 /* ExerciseRepository.swift */ = {isa = PBXFileReference; lastKnownFileType = sourcecode.swift; path = ExerciseRepository.swift; sourceTree = "<group>"; };
		70D17E0C2AC5D70B00B86E37 /* WithdrawalConfirmView.swift */ = {isa = PBXFileReference; lastKnownFileType = sourcecode.swift; path = WithdrawalConfirmView.swift; sourceTree = "<group>"; };
		70D341892ACC03350010EAF9 /* ExerciseListView.swift */ = {isa = PBXFileReference; lastKnownFileType = sourcecode.swift; path = ExerciseListView.swift; sourceTree = "<group>"; };
		70D3418E2ACC081E0010EAF9 /* Extension+Sequence.swift */ = {isa = PBXFileReference; lastKnownFileType = sourcecode.swift; path = "Extension+Sequence.swift"; sourceTree = "<group>"; };
		70D9033C2AC5A70A001DDC0B /* Vibration.swift */ = {isa = PBXFileReference; lastKnownFileType = sourcecode.swift; path = Vibration.swift; sourceTree = "<group>"; };
		70E156932AD2D6C50019329C /* RecordSetsView.swift */ = {isa = PBXFileReference; lastKnownFileType = sourcecode.swift; path = RecordSetsView.swift; sourceTree = "<group>"; };
		70E555FC2ABF010C006D4DA0 /* dg-muscle-ios.app */ = {isa = PBXFileReference; explicitFileType = wrapper.application; includeInIndex = 0; path = "dg-muscle-ios.app"; sourceTree = BUILT_PRODUCTS_DIR; };
		70E555FF2ABF010C006D4DA0 /* dg_muscle_iosApp.swift */ = {isa = PBXFileReference; lastKnownFileType = sourcecode.swift; path = dg_muscle_iosApp.swift; sourceTree = "<group>"; };
		70E556012ABF010C006D4DA0 /* ContentView.swift */ = {isa = PBXFileReference; lastKnownFileType = sourcecode.swift; path = ContentView.swift; sourceTree = "<group>"; };
		70E556032ABF010D006D4DA0 /* Assets.xcassets */ = {isa = PBXFileReference; lastKnownFileType = folder.assetcatalog; path = Assets.xcassets; sourceTree = "<group>"; };
		70E556062ABF010D006D4DA0 /* Preview Assets.xcassets */ = {isa = PBXFileReference; lastKnownFileType = folder.assetcatalog; path = "Preview Assets.xcassets"; sourceTree = "<group>"; };
		70E556082ABF010D006D4DA0 /* dg_muscle_ios.entitlements */ = {isa = PBXFileReference; lastKnownFileType = text.plist.entitlements; path = dg_muscle_ios.entitlements; sourceTree = "<group>"; };
		70F0E4002AE3BD5800AFFCF7 /* ChartView.swift */ = {isa = PBXFileReference; lastKnownFileType = sourcecode.swift; path = ChartView.swift; sourceTree = "<group>"; };
		70F8389D2AC7FE36009725EF /* CreatedAt.swift */ = {isa = PBXFileReference; lastKnownFileType = sourcecode.swift; path = CreatedAt.swift; sourceTree = "<group>"; };
		70F8389F2AC7FE4D009725EF /* Exercise.swift */ = {isa = PBXFileReference; lastKnownFileType = sourcecode.swift; path = Exercise.swift; sourceTree = "<group>"; };
		70F838A12AC7FE84009725EF /* ExerciseHistory.swift */ = {isa = PBXFileReference; lastKnownFileType = sourcecode.swift; path = ExerciseHistory.swift; sourceTree = "<group>"; };
		70F838A32AC7FE96009725EF /* ExerciseHistorySection.swift */ = {isa = PBXFileReference; lastKnownFileType = sourcecode.swift; path = ExerciseHistorySection.swift; sourceTree = "<group>"; };
		70F838A52AC7FEA8009725EF /* ExerciseSet.swift */ = {isa = PBXFileReference; lastKnownFileType = sourcecode.swift; path = ExerciseSet.swift; sourceTree = "<group>"; };
		70F838A72AC7FEB6009725EF /* Record.swift */ = {isa = PBXFileReference; lastKnownFileType = sourcecode.swift; path = Record.swift; sourceTree = "<group>"; };
		70F838A92AC7FEE1009725EF /* HistoryStore.swift */ = {isa = PBXFileReference; lastKnownFileType = sourcecode.swift; path = HistoryStore.swift; sourceTree = "<group>"; };
		70F838AC2AC7FFB5009725EF /* ExerciseDiaryView.swift */ = {isa = PBXFileReference; lastKnownFileType = sourcecode.swift; path = ExerciseDiaryView.swift; sourceTree = "<group>"; };
		70FB87B42ACAAE9F00B6B432 /* SetFormView.swift */ = {isa = PBXFileReference; lastKnownFileType = sourcecode.swift; path = SetFormView.swift; sourceTree = "<group>"; };
		70FF30352B77627E008E03DD /* IntroduceView.swift */ = {isa = PBXFileReference; lastKnownFileType = sourcecode.swift; path = IntroduceView.swift; sourceTree = "<group>"; };
/* End PBXFileReference section */

/* Begin PBXFrameworksBuildPhase section */
		70240BE22ADC1FF800B87A79 /* Frameworks */ = {
			isa = PBXFrameworksBuildPhase;
			buildActionMask = 2147483647;
			files = (
				70240BE92ADC1FF800B87A79 /* SwiftUI.framework in Frameworks */,
				70240BE72ADC1FF800B87A79 /* WidgetKit.framework in Frameworks */,
			);
			runOnlyForDeploymentPostprocessing = 0;
		};
		70A898B72B6FA0B1009B16FF /* Frameworks */ = {
			isa = PBXFrameworksBuildPhase;
			buildActionMask = 2147483647;
			files = (
			);
			runOnlyForDeploymentPostprocessing = 0;
		};
		70E555F92ABF010C006D4DA0 /* Frameworks */ = {
			isa = PBXFrameworksBuildPhase;
			buildActionMask = 2147483647;
			files = (
				708F0A862B414D6F001AF089 /* SDWebImageSwiftUI in Frameworks */,
				7083E6BB2ABF06B7007D43CE /* FirebaseAnalyticsSwift in Frameworks */,
				7083E6C92ABF0F45007D43CE /* FirebaseAuth in Frameworks */,
				703CD5EE2AC0148800BC76D4 /* FirebaseStorage in Frameworks */,
				702BC70C2ABF2A0800E325DB /* Kingfisher in Frameworks */,
				7083E6B72ABF06B7007D43CE /* FirebaseAnalytics in Frameworks */,
				7083E6B92ABF06B7007D43CE /* FirebaseAnalyticsOnDeviceConversion in Frameworks */,
				703CD5EC2AC013D300BC76D4 /* FirebaseFirestore in Frameworks */,
				7083E6BF2ABF06B7007D43CE /* FirebaseAppCheck in Frameworks */,
				7083E6BD2ABF06B7007D43CE /* FirebaseAnalyticsWithoutAdIdSupport in Frameworks */,
			);
			runOnlyForDeploymentPostprocessing = 0;
		};
/* End PBXFrameworksBuildPhase section */

/* Begin PBXGroup section */
		70240BEA2ADC1FF800B87A79 /* dg-muscle-ios-widget */ = {
			isa = PBXGroup;
			children = (
				708AF2A92B36D03B00658D6B /* model */,
				708AF2AD2B36D09400658D6B /* view */,
				70240BEB2ADC1FF800B87A79 /* dg_muscle_ios_widgetBundle.swift */,
				70240BED2ADC1FF800B87A79 /* dg_muscle_ios_widgetLiveActivity.swift */,
				70240BEF2ADC1FF800B87A79 /* dg_muscle_ios_widget.swift */,
				70240BF12ADC1FF800B87A79 /* AppIntent.swift */,
				70240BF32ADC1FF900B87A79 /* Assets.xcassets */,
				70240BF52ADC1FF900B87A79 /* Info.plist */,
			);
			path = "dg-muscle-ios-widget";
			sourceTree = "<group>";
		};
		702E21652BCA535800147279 /* history */ = {
			isa = PBXGroup;
			children = (
				70756EF32BCA68A30035EFF4 /* components */,
				702E21692BCA540E00147279 /* screen */,
			);
			path = history;
			sourceTree = "<group>";
		};
		702E21692BCA540E00147279 /* screen */ = {
			isa = PBXGroup;
			children = (
				702E21672BCA53BC00147279 /* HistoryView.swift */,
				702E216A2BCA541C00147279 /* HistoryViewModel.swift */,
			);
			path = screen;
			sourceTree = "<group>";
		};
		702E216C2BCA559500147279 /* repository */ = {
			isa = PBXGroup;
			children = (
				70756EFE2BCA6E0A0035EFF4 /* exercise */,
				70756EFF2BCA6E120035EFF4 /* health */,
				70756F002BCA6E190035EFF4 /* history */,
			);
			path = repository;
			sourceTree = "<group>";
		};
		702E21752BCA5D8800147279 /* V2 */ = {
			isa = PBXGroup;
			children = (
				702E216C2BCA559500147279 /* repository */,
				702E21652BCA535800147279 /* history */,
			);
			path = V2;
			sourceTree = "<group>";
		};
		7054F7E22B08BC1A00C5678E /* health section */ = {
			isa = PBXGroup;
			children = (
				70D341892ACC03350010EAF9 /* ExerciseListView.swift */,
				7054F7E32B08BC3300C5678E /* WatchWorkoutAppInfoView.swift */,
			);
			path = "health section";
			sourceTree = "<group>";
		};
		70756EF32BCA68A30035EFF4 /* components */ = {
			isa = PBXGroup;
			children = (
				70756EF42BCA68E70035EFF4 /* HistoryListItemView.swift */,
				70756F012BCA75E10035EFF4 /* HistorySectionView.swift */,
			);
			path = components;
			sourceTree = "<group>";
		};
		70756EFE2BCA6E0A0035EFF4 /* exercise */ = {
			isa = PBXGroup;
			children = (
				70756EF62BCA6C210035EFF4 /* ExerciseRepositoryV2.swift */,
				70756EFA2BCA6C4B0035EFF4 /* ExerciseRepositoryV2Live.swift */,
				70756EFC2BCA6D680035EFF4 /* ExerciseRepositoryV2Test.swift */,
			);
			path = exercise;
			sourceTree = "<group>";
		};
		70756EFF2BCA6E120035EFF4 /* health */ = {
			isa = PBXGroup;
			children = (
				702E21712BCA587700147279 /* HealthRepository.swift */,
				702E21732BCA588A00147279 /* HealthRepositoryLive.swift */,
				70756EED2BCA683D0035EFF4 /* HealthRepositoryTest.swift */,
			);
			path = health;
			sourceTree = "<group>";
		};
		70756F002BCA6E190035EFF4 /* history */ = {
			isa = PBXGroup;
			children = (
				702E216D2BCA55C500147279 /* HistoryRepositoryV2.swift */,
				702E216F2BCA55D600147279 /* HistoryRepositoryV2Impl.swift */,
				70756EF02BCA68700035EFF4 /* HistoryRepositoryV2Test.swift */,
			);
			path = history;
			sourceTree = "<group>";
		};
		707B8FC52ABF1C92008ADECE /* store */ = {
			isa = PBXGroup;
			children = (
				70A74E892AC8433F00EA7A35 /* ExerciseStore.swift */,
				708508C32AF626990035BB9D /* HealthStore.swift */,
				70F838A92AC7FEE1009725EF /* HistoryStore.swift */,
				707B8FC82ABF1D37008ADECE /* Store.swift */,
				707B8FC62ABF1CAC008ADECE /* UserStore.swift */,
			);
			path = store;
			sourceTree = "<group>";
		};
		707B8FD02ABF1FD5008ADECE /* main */ = {
			isa = PBXGroup;
			children = (
				70C055A02B79FCAA00375526 /* delegates */,
				70E556032ABF010D006D4DA0 /* Assets.xcassets */,
				70E556012ABF010C006D4DA0 /* ContentView.swift */,
				703CD5EF2AC015C900BC76D4 /* CustomError.swift */,
				70B5080E2AC51FD900FC0540 /* DependencyInjection.swift */,
				70E555FF2ABF010C006D4DA0 /* dg_muscle_iosApp.swift */,
				70BB52172B37EC1D00EC606D /* Localizable.xcstrings */,
			);
			path = main;
			sourceTree = "<group>";
		};
		707B8FD12ABF204A008ADECE /* util */ = {
			isa = PBXGroup;
			children = (
				70C144D22AC82558007F0540 /* APIClient.swift */,
				7083E6C52ABF0EC9007D43CE /* AppleAuthCoordinator.swift */,
				707B8FD22ABF207F008ADECE /* Authenticator.swift */,
				701CC4C52AD2875700852E2E /* FileManagerHelper.swift */,
				703CD5E92AC0139600BC76D4 /* FileUploader.swift */,
				70D9033C2AC5A70A001DDC0B /* Vibration.swift */,
				708AF2B52B36D38400658D6B /* WidgetBridge.swift */,
				7086C2F62B924B6700D034B0 /* ImageSaver.swift */,
			);
			path = util;
			sourceTree = "<group>";
		};
		7083E6C02ABF0C44007D43CE /* view */ = {
			isa = PBXGroup;
			children = (
				70B5080A2AC51D3400FC0540 /* global */,
				70F838AB2AC7FFA6009725EF /* history */,
				70AC465D2ABFF81800BFE46D /* setting */,
				7083E6CA2ABF1614007D43CE /* signin */,
			);
			path = view;
			sourceTree = "<group>";
		};
		7083E6C72ABF0F45007D43CE /* Frameworks */ = {
			isa = PBXGroup;
			children = (
				70240BE62ADC1FF800B87A79 /* WidgetKit.framework */,
				70240BE82ADC1FF800B87A79 /* SwiftUI.framework */,
			);
			name = Frameworks;
			sourceTree = "<group>";
		};
		7083E6CA2ABF1614007D43CE /* signin */ = {
			isa = PBXGroup;
			children = (
				7083E6C22ABF0C62007D43CE /* SignInView.swift */,
			);
			path = signin;
			sourceTree = "<group>";
		};
		708AF2A92B36D03B00658D6B /* model */ = {
			isa = PBXGroup;
			children = (
				708AF2AA2B36D04400658D6B /* GrassData.swift */,
				708AF2B12B36D23F00658D6B /* GrassDatasource.swift */,
			);
			path = model;
			sourceTree = "<group>";
		};
		708AF2AD2B36D09400658D6B /* view */ = {
			isa = PBXGroup;
			children = (
				708AF2AE2B36D09F00658D6B /* GrassView.swift */,
			);
			path = view;
			sourceTree = "<group>";
		};
		708F0A622B414D29001AF089 /* gif */ = {
			isa = PBXGroup;
			children = (
				708F0A642B414D34001AF089 /* bicep_curl.gif */,
				708F0A672B414D34001AF089 /* leg_curl.gif */,
				708F0A632B414D34001AF089 /* leg_extension.gif */,
				708F0A662B414D34001AF089 /* leg_press.gif */,
				708F0A652B414D34001AF089 /* push_up.gif */,
			);
			path = gif;
			sourceTree = "<group>";
		};
		709825FF2B91FA1500D2C3B0 /* FullRecordsView */ = {
			isa = PBXGroup;
			children = (
				70BDDB4C2B947B01002FCEEA /* FullRecordsView_BottomSheet.swift */,
				70BDDB4B2B947B01002FCEEA /* FullRecordsView_RecordView.swift */,
				70BDDB4E2B947B01002FCEEA /* FullRecordsView_SetView.swift */,
				70BDDB4D2B947B01002FCEEA /* FullRecordsView.swift */,
			);
			path = FullRecordsView;
			sourceTree = "<group>";
		};
		70A898BB2B6FA0B1009B16FF /* dg-muscle-iosTests */ = {
			isa = PBXGroup;
			children = (
				702E21762BCA5DEF00147279 /* historyTests.swift */,
			);
			path = "dg-muscle-iosTests";
			sourceTree = "<group>";
		};
		70AC465D2ABFF81800BFE46D /* setting */ = {
			isa = PBXGroup;
			children = (
				70FF30342B776212008E03DD /* etc section */,
				70CB69412B09E590001588E2 /* exercise info */,
				7054F7E22B08BC1A00C5678E /* health section */,
				70A9B7402ACBCFC70061DAA3 /* BodyProfileView.swift */,
				70AC465E2ABFF82D00BFE46D /* SettingView.swift */,
			);
			path = setting;
			sourceTree = "<group>";
		};
		70B5080A2AC51D3400FC0540 /* global */ = {
			isa = PBXGroup;
			children = (
				702D895A2B9226F8008EA220 /* ActivityView.swift */,
				70F0E4002AE3BD5800AFFCF7 /* ChartView.swift */,
				7060FDAF2AC5E1C3001A2198 /* ErrorView.swift */,
				703E547A2ADBD5D900E7D911 /* GrassView.swift */,
				705AB79F2B009F7500418B46 /* LoadingView.swift */,
				70A708D82B13315A0013A237 /* MemoView.swift */,
				70B5080B2AC51D4300FC0540 /* PhotoPickerView.swift */,
				70884B902ADBB9AA001FA252 /* PieChartView.swift */,
				705AB7A12B009F8A00418B46 /* SuccessView.swift */,
				70A61BDE2B7639D40068F321 /* WebView.swift */,
				70D17E0C2AC5D70B00B86E37 /* WithdrawalConfirmView.swift */,
			);
			path = global;
			sourceTree = "<group>";
		};
		70C055A02B79FCAA00375526 /* delegates */ = {
			isa = PBXGroup;
			children = (
				70C0559A2B79F9F300375526 /* AppDelegate.swift */,
				70C0559E2B79FC0800375526 /* SceneDelegate.swift */,
			);
			path = delegates;
			sourceTree = "<group>";
		};
		70C055A12B7A048C00375526 /* subscriber */ = {
			isa = PBXGroup;
			children = (
				70C055A42B7A050400375526 /* Subscriber.swift */,
				70C055A22B7A04B200375526 /* QuickActionSubscriber.swift */,
			);
			path = subscriber;
			sourceTree = "<group>";
		};
		70C144D42AC82595007F0540 /* repo */ = {
			isa = PBXGroup;
			children = (
				70C144D92AC82866007F0540 /* ExerciseRepository.swift */,
				70C144D52AC825DE007F0540 /* HistoryRepository.swift */,
				701CC4AB2AD271CF00852E2E /* UserRepository.swift */,
			);
			path = repo;
			sourceTree = "<group>";
		};
		70CB69412B09E590001588E2 /* exercise info */ = {
			isa = PBXGroup;
			children = (
				708F0A622B414D29001AF089 /* gif */,
				708F0A782B414D4A001AF089 /* BenchpressInfoView.swift */,
				708F0A732B414D4A001AF089 /* BicepCurlInfoView.swift */,
				708F0A6D2B414D49001AF089 /* DeadliftInfoView.swift */,
				708F0A752B414D4A001AF089 /* ExerciseGuideListView.swift */,
				708F0A772B414D4A001AF089 /* ExerciseInfoContainerView.swift */,
				708F0A702B414D4A001AF089 /* LegCurlInfoView.swift */,
				708F0A712B414D4A001AF089 /* LegExtensionInfoView.swift */,
				708F0A722B414D4A001AF089 /* LegPressInfoView.swift */,
				708F0A742B414D4A001AF089 /* PullUpInfoView.swift */,
				708F0A6E2B414D4A001AF089 /* PushUpInfoView.swift */,
				708F0A762B414D4A001AF089 /* SquatInfoView.swift */,
				708F0A6F2B414D4A001AF089 /* TricepPushDownInfoView.swift */,
			);
			path = "exercise info";
			sourceTree = "<group>";
		};
		70D3418D2ACC07FD0010EAF9 /* extension */ = {
			isa = PBXGroup;
			children = (
				70D3418E2ACC081E0010EAF9 /* Extension+Sequence.swift */,
			);
			path = extension;
			sourceTree = "<group>";
		};
		70E555F32ABF010C006D4DA0 = {
			isa = PBXGroup;
			children = (
				70240BFD2ADC201C00B87A79 /* dg-muscle-ios-widgetExtension.entitlements */,
				70E555FE2ABF010C006D4DA0 /* dg-muscle-ios */,
				7083E6B32ABF065F007D43CE /* GoogleService-Info.plist */,
				70240BEA2ADC1FF800B87A79 /* dg-muscle-ios-widget */,
				70A898BB2B6FA0B1009B16FF /* dg-muscle-iosTests */,
				70E555FD2ABF010C006D4DA0 /* Products */,
				7083E6C72ABF0F45007D43CE /* Frameworks */,
			);
			sourceTree = "<group>";
		};
		70E555FD2ABF010C006D4DA0 /* Products */ = {
			isa = PBXGroup;
			children = (
				70E555FC2ABF010C006D4DA0 /* dg-muscle-ios.app */,
				70240BE52ADC1FF800B87A79 /* dg-muscle-ios-widgetExtension.appex */,
				70A898BA2B6FA0B1009B16FF /* dg-muscle-iosTests.xctest */,
			);
			name = Products;
			sourceTree = "<group>";
		};
		70E555FE2ABF010C006D4DA0 /* dg-muscle-ios */ = {
			isa = PBXGroup;
			children = (
				702E21752BCA5D8800147279 /* V2 */,
				70E556082ABF010D006D4DA0 /* dg_muscle_ios.entitlements */,
				708508C22AF625EE0035BB9D /* Info.plist */,
				70D3418D2ACC07FD0010EAF9 /* extension */,
				707B8FD02ABF1FD5008ADECE /* main */,
				70F8389C2AC7FE20009725EF /* model */,
				70E556052ABF010D006D4DA0 /* Preview Content */,
				70C144D42AC82595007F0540 /* repo */,
				707B8FC52ABF1C92008ADECE /* store */,
				70C055A12B7A048C00375526 /* subscriber */,
				707B8FD12ABF204A008ADECE /* util */,
				7083E6C02ABF0C44007D43CE /* view */,
			);
			path = "dg-muscle-ios";
			sourceTree = "<group>";
		};
		70E556052ABF010D006D4DA0 /* Preview Content */ = {
			isa = PBXGroup;
			children = (
				70E556062ABF010D006D4DA0 /* Preview Assets.xcassets */,
			);
			path = "Preview Content";
			sourceTree = "<group>";
		};
		70F8389C2AC7FE20009725EF /* model */ = {
			isa = PBXGroup;
			children = (
				707BBF192AF7D39700A8ABD2 /* BodyMass.swift */,
				70F8389D2AC7FE36009725EF /* CreatedAt.swift */,
				70C144D72AC82807007F0540 /* DefaultResponse.swift */,
				70F8389F2AC7FE4D009725EF /* Exercise.swift */,
				70F838A12AC7FE84009725EF /* ExerciseHistory.swift */,
				70F838A32AC7FE96009725EF /* ExerciseHistorySection.swift */,
				7019642E2AD41C4A00ED39BF /* ExerciseSection.swift */,
				70F838A52AC7FEA8009725EF /* ExerciseSet.swift */,
				705EC0A82AFF7C530085801A /* GrassData.swift */,
				707BBF172AF7D1D800A8ABD2 /* Height.swift */,
				701CC4AD2AD2720200852E2E /* Profile.swift */,
				70F838A72AC7FEB6009725EF /* Record.swift */,
				701042112AEE483400FAD52C /* UserCache.swift */,
				70226B872AF7765400379ED3 /* WorkoutMetaData.swift */,
				70C0559C2B79FB4600375526 /* QuickAction.swift */,
			);
			path = model;
			sourceTree = "<group>";
		};
		70F838AB2AC7FFA6009725EF /* history */ = {
			isa = PBXGroup;
			children = (
				70F838AC2AC7FFB5009725EF /* ExerciseDiaryView.swift */,
				709B540C2AC999D000C282E9 /* ExerciseFormView.swift */,
				709825FF2B91FA1500D2C3B0 /* FullRecordsView */,
				70A74E8B2AC8439C00EA7A35 /* HistoryFormView.swift */,
				700BB60A2AE513AF008B8132 /* MonthlyChartView.swift */,
				7003E7C32AC86C2D00AFE1C2 /* RecordFormView.swift */,
				70E156932AD2D6C50019329C /* RecordSetsView.swift */,
				701964302AD41CE400ED39BF /* SelectExerciseView.swift */,
				70FB87B42ACAAE9F00B6B432 /* SetFormView.swift */,
			);
			path = history;
			sourceTree = "<group>";
		};
		70FF30342B776212008E03DD /* etc section */ = {
			isa = PBXGroup;
			children = (
				70BFFF132B7747E600C8A8C8 /* GuideView.swift */,
				70FF30352B77627E008E03DD /* IntroduceView.swift */,
			);
			path = "etc section";
			sourceTree = "<group>";
		};
/* End PBXGroup section */

/* Begin PBXNativeTarget section */
		70240BE42ADC1FF800B87A79 /* dg-muscle-ios-widgetExtension */ = {
			isa = PBXNativeTarget;
			buildConfigurationList = 70240BFC2ADC1FF900B87A79 /* Build configuration list for PBXNativeTarget "dg-muscle-ios-widgetExtension" */;
			buildPhases = (
				70240BE12ADC1FF800B87A79 /* Sources */,
				70240BE22ADC1FF800B87A79 /* Frameworks */,
				70240BE32ADC1FF800B87A79 /* Resources */,
			);
			buildRules = (
			);
			dependencies = (
			);
			name = "dg-muscle-ios-widgetExtension";
			productName = "dg-muscle-ios-widgetExtension";
			productReference = 70240BE52ADC1FF800B87A79 /* dg-muscle-ios-widgetExtension.appex */;
			productType = "com.apple.product-type.app-extension";
		};
		70A898B92B6FA0B1009B16FF /* dg-muscle-iosTests */ = {
			isa = PBXNativeTarget;
			buildConfigurationList = 70A898C22B6FA0B2009B16FF /* Build configuration list for PBXNativeTarget "dg-muscle-iosTests" */;
			buildPhases = (
				70A898B62B6FA0B1009B16FF /* Sources */,
				70A898B72B6FA0B1009B16FF /* Frameworks */,
				70A898B82B6FA0B1009B16FF /* Resources */,
			);
			buildRules = (
			);
			dependencies = (
				70A898BF2B6FA0B1009B16FF /* PBXTargetDependency */,
			);
			name = "dg-muscle-iosTests";
			productName = "dg-muscle-iosTests";
			productReference = 70A898BA2B6FA0B1009B16FF /* dg-muscle-iosTests.xctest */;
			productType = "com.apple.product-type.bundle.unit-test";
		};
		70E555FB2ABF010C006D4DA0 /* dg-muscle-ios */ = {
			isa = PBXNativeTarget;
			buildConfigurationList = 70E5560B2ABF010D006D4DA0 /* Build configuration list for PBXNativeTarget "dg-muscle-ios" */;
			buildPhases = (
				70E555F82ABF010C006D4DA0 /* Sources */,
				70E555F92ABF010C006D4DA0 /* Frameworks */,
				70E555FA2ABF010C006D4DA0 /* Resources */,
				70240BF92ADC1FF900B87A79 /* Embed Foundation Extensions */,
			);
			buildRules = (
			);
			dependencies = (
				70240BF72ADC1FF900B87A79 /* PBXTargetDependency */,
			);
			name = "dg-muscle-ios";
			packageProductDependencies = (
				7083E6B62ABF06B7007D43CE /* FirebaseAnalytics */,
				7083E6B82ABF06B7007D43CE /* FirebaseAnalyticsOnDeviceConversion */,
				7083E6BA2ABF06B7007D43CE /* FirebaseAnalyticsSwift */,
				7083E6BC2ABF06B7007D43CE /* FirebaseAnalyticsWithoutAdIdSupport */,
				7083E6BE2ABF06B7007D43CE /* FirebaseAppCheck */,
				7083E6C82ABF0F45007D43CE /* FirebaseAuth */,
				702BC70B2ABF2A0800E325DB /* Kingfisher */,
				703CD5EB2AC013D300BC76D4 /* FirebaseFirestore */,
				703CD5ED2AC0148800BC76D4 /* FirebaseStorage */,
				708F0A852B414D6F001AF089 /* SDWebImageSwiftUI */,
			);
			productName = "dg-muscle-ios";
			productReference = 70E555FC2ABF010C006D4DA0 /* dg-muscle-ios.app */;
			productType = "com.apple.product-type.application";
		};
/* End PBXNativeTarget section */

/* Begin PBXProject section */
		70E555F42ABF010C006D4DA0 /* Project object */ = {
			isa = PBXProject;
			attributes = {
				BuildIndependentTargetsInParallel = 1;
				LastSwiftUpdateCheck = 1510;
				LastUpgradeCheck = 1500;
				TargetAttributes = {
					70240BE42ADC1FF800B87A79 = {
						CreatedOnToolsVersion = 15.0;
					};
					70A898B92B6FA0B1009B16FF = {
						CreatedOnToolsVersion = 15.1;
						TestTargetID = 70E555FB2ABF010C006D4DA0;
					};
					70E555FB2ABF010C006D4DA0 = {
						CreatedOnToolsVersion = 15.0;
					};
				};
			};
			buildConfigurationList = 70E555F72ABF010C006D4DA0 /* Build configuration list for PBXProject "dg-muscle-ios" */;
			compatibilityVersion = "Xcode 14.0";
			developmentRegion = en;
			hasScannedForEncodings = 0;
			knownRegions = (
				en,
				Base,
			);
			mainGroup = 70E555F32ABF010C006D4DA0;
			packageReferences = (
				7083E6B52ABF06B7007D43CE /* XCRemoteSwiftPackageReference "firebase-ios-sdk" */,
				702BC70A2ABF2A0800E325DB /* XCRemoteSwiftPackageReference "Kingfisher" */,
				708F0A612B414D1B001AF089 /* XCRemoteSwiftPackageReference "SDWebImageSwiftUI" */,
			);
			productRefGroup = 70E555FD2ABF010C006D4DA0 /* Products */;
			projectDirPath = "";
			projectRoot = "";
			targets = (
				70E555FB2ABF010C006D4DA0 /* dg-muscle-ios */,
				70240BE42ADC1FF800B87A79 /* dg-muscle-ios-widgetExtension */,
				70A898B92B6FA0B1009B16FF /* dg-muscle-iosTests */,
			);
		};
/* End PBXProject section */

/* Begin PBXResourcesBuildPhase section */
		70240BE32ADC1FF800B87A79 /* Resources */ = {
			isa = PBXResourcesBuildPhase;
			buildActionMask = 2147483647;
			files = (
				70240BF42ADC1FF900B87A79 /* Assets.xcassets in Resources */,
			);
			runOnlyForDeploymentPostprocessing = 0;
		};
		70A898B82B6FA0B1009B16FF /* Resources */ = {
			isa = PBXResourcesBuildPhase;
			buildActionMask = 2147483647;
			files = (
			);
			runOnlyForDeploymentPostprocessing = 0;
		};
		70E555FA2ABF010C006D4DA0 /* Resources */ = {
			isa = PBXResourcesBuildPhase;
			buildActionMask = 2147483647;
			files = (
				708F0A692B414D34001AF089 /* bicep_curl.gif in Resources */,
				708F0A6A2B414D34001AF089 /* push_up.gif in Resources */,
				708F0A682B414D34001AF089 /* leg_extension.gif in Resources */,
				70E556072ABF010D006D4DA0 /* Preview Assets.xcassets in Resources */,
				70E556042ABF010D006D4DA0 /* Assets.xcassets in Resources */,
				708F0A6B2B414D34001AF089 /* leg_press.gif in Resources */,
				70BB52182B37EC1D00EC606D /* Localizable.xcstrings in Resources */,
				7083E6B42ABF065F007D43CE /* GoogleService-Info.plist in Resources */,
				708F0A6C2B414D34001AF089 /* leg_curl.gif in Resources */,
			);
			runOnlyForDeploymentPostprocessing = 0;
		};
/* End PBXResourcesBuildPhase section */

/* Begin PBXSourcesBuildPhase section */
		70240BE12ADC1FF800B87A79 /* Sources */ = {
			isa = PBXSourcesBuildPhase;
			buildActionMask = 2147483647;
			files = (
				708AF2AC2B36D05B00658D6B /* GrassData.swift in Sources */,
				708AF2B32B36D28C00658D6B /* GrassDatasource.swift in Sources */,
				70240BEE2ADC1FF800B87A79 /* dg_muscle_ios_widgetLiveActivity.swift in Sources */,
				70240BF22ADC1FF800B87A79 /* AppIntent.swift in Sources */,
				70240BF02ADC1FF800B87A79 /* dg_muscle_ios_widget.swift in Sources */,
				708AF2B42B36D33C00658D6B /* FileManagerHelper.swift in Sources */,
				70240BEC2ADC1FF800B87A79 /* dg_muscle_ios_widgetBundle.swift in Sources */,
				708AF2B72B36D38B00658D6B /* WidgetBridge.swift in Sources */,
				708AF2B02B36D0A300658D6B /* GrassView.swift in Sources */,
			);
			runOnlyForDeploymentPostprocessing = 0;
		};
		70A898B62B6FA0B1009B16FF /* Sources */ = {
			isa = PBXSourcesBuildPhase;
			buildActionMask = 2147483647;
			files = (
				702E218F2BCA616700147279 /* FileManagerHelper.swift in Sources */,
				702E21882BCA5E8E00147279 /* HistoryRepositoryV2.swift in Sources */,
				702E217C2BCA5E6000147279 /* ExerciseSet.swift in Sources */,
				702E21872BCA5E8900147279 /* QuickAction.swift in Sources */,
				702E21952BCA621800147279 /* GrassView.swift in Sources */,
				702E217B2BCA5E5900147279 /* ExerciseHistory.swift in Sources */,
				70756EEF2BCA68530035EFF4 /* HealthRepositoryTest.swift in Sources */,
				702E21812BCA5E7700147279 /* ExerciseSection.swift in Sources */,
				702E21832BCA5E7F00147279 /* Profile.swift in Sources */,
				702E21852BCA5E8400147279 /* UserCache.swift in Sources */,
				702E21842BCA5E8100147279 /* Record.swift in Sources */,
				702E21772BCA5DEF00147279 /* historyTests.swift in Sources */,
				702E217D2BCA5E6700147279 /* BodyMass.swift in Sources */,
				702E21892BCA5E9400147279 /* HealthRepository.swift in Sources */,
				702E218E2BCA615800147279 /* ExerciseStore.swift in Sources */,
				702E21962BCA621D00147279 /* UserRepository.swift in Sources */,
				702E217F2BCA5E6C00147279 /* DefaultResponse.swift in Sources */,
				702E21802BCA5E7100147279 /* Exercise.swift in Sources */,
				702E21922BCA61EC00147279 /* APIClient.swift in Sources */,
				702E21792BCA5E4500147279 /* GrassData.swift in Sources */,
				70756EF22BCA68730035EFF4 /* HistoryRepositoryV2Test.swift in Sources */,
				702E218C2BCA615200147279 /* HistoryStore.swift in Sources */,
				702E21822BCA5E7C00147279 /* Height.swift in Sources */,
				702E218B2BCA614F00147279 /* UserStore.swift in Sources */,
				702E218A2BCA614C00147279 /* Store.swift in Sources */,
				702E21932BCA620100147279 /* CustomError.swift in Sources */,
				702E21862BCA5E8700147279 /* WorkoutMetaData.swift in Sources */,
				702E217A2BCA5E4C00147279 /* ExerciseHistorySection.swift in Sources */,
				702E21912BCA619900147279 /* WidgetBridge.swift in Sources */,
				702E21902BCA617B00147279 /* HistoryRepository.swift in Sources */,
				702E21782BCA5E2A00147279 /* HistoryViewModel.swift in Sources */,
				702E218D2BCA615500147279 /* HealthStore.swift in Sources */,
				702E217E2BCA5E6A00147279 /* CreatedAt.swift in Sources */,
				702E21942BCA620D00147279 /* ExerciseRepository.swift in Sources */,
			);
			runOnlyForDeploymentPostprocessing = 0;
		};
		70E555F82ABF010C006D4DA0 /* Sources */ = {
			isa = PBXSourcesBuildPhase;
			buildActionMask = 2147483647;
			files = (
				708F0A792B414D4A001AF089 /* DeadliftInfoView.swift in Sources */,
				70C144DA2AC82866007F0540 /* ExerciseRepository.swift in Sources */,
				708AF2B62B36D38400658D6B /* WidgetBridge.swift in Sources */,
				701CC4AE2AD2720200852E2E /* Profile.swift in Sources */,
				70F838A62AC7FEA8009725EF /* ExerciseSet.swift in Sources */,
				708F0A7A2B414D4A001AF089 /* PushUpInfoView.swift in Sources */,
				70BDDB522B947B01002FCEEA /* FullRecordsView_SetView.swift in Sources */,
				707BBF1A2AF7D39700A8ABD2 /* BodyMass.swift in Sources */,
				70C055A32B7A04B200375526 /* QuickActionSubscriber.swift in Sources */,
				702E21722BCA587700147279 /* HealthRepository.swift in Sources */,
				705AB7A22B009F8A00418B46 /* SuccessView.swift in Sources */,
				700BB60B2AE513AF008B8132 /* MonthlyChartView.swift in Sources */,
				708F0A7C2B414D4A001AF089 /* LegCurlInfoView.swift in Sources */,
				708F0A7D2B414D4A001AF089 /* LegExtensionInfoView.swift in Sources */,
				70D17E0D2AC5D70B00B86E37 /* WithdrawalConfirmView.swift in Sources */,
				70F838AD2AC7FFB5009725EF /* ExerciseDiaryView.swift in Sources */,
				70F838A82AC7FEB6009725EF /* Record.swift in Sources */,
				70C144D82AC82807007F0540 /* DefaultResponse.swift in Sources */,
				70F0E4012AE3BD5800AFFCF7 /* ChartView.swift in Sources */,
				70756EFB2BCA6C4B0035EFF4 /* ExerciseRepositoryV2Live.swift in Sources */,
				7083E6C32ABF0C62007D43CE /* SignInView.swift in Sources */,
				709B540D2AC999D000C282E9 /* ExerciseFormView.swift in Sources */,
				7060FDB02AC5E1C3001A2198 /* ErrorView.swift in Sources */,
				707B8FD32ABF207F008ADECE /* Authenticator.swift in Sources */,
				708F0A832B414D4A001AF089 /* ExerciseInfoContainerView.swift in Sources */,
				70FF30362B77627E008E03DD /* IntroduceView.swift in Sources */,
				707B8FC72ABF1CAC008ADECE /* UserStore.swift in Sources */,
				70A708D92B13315A0013A237 /* MemoView.swift in Sources */,
				70BDDB512B947B01002FCEEA /* FullRecordsView.swift in Sources */,
				705AB7A02B009F7500418B46 /* LoadingView.swift in Sources */,
				70A61BDF2B7639D40068F321 /* WebView.swift in Sources */,
				70BDDB502B947B01002FCEEA /* FullRecordsView_BottomSheet.swift in Sources */,
				70C055A52B7A050400375526 /* Subscriber.swift in Sources */,
				70756EF12BCA68700035EFF4 /* HistoryRepositoryV2Test.swift in Sources */,
				70F838A02AC7FE4D009725EF /* Exercise.swift in Sources */,
				70C144D62AC825DE007F0540 /* HistoryRepository.swift in Sources */,
				701964312AD41CE400ED39BF /* SelectExerciseView.swift in Sources */,
				70756EEE2BCA683D0035EFF4 /* HealthRepositoryTest.swift in Sources */,
				708F0A7B2B414D4A001AF089 /* TricepPushDownInfoView.swift in Sources */,
				708F0A822B414D4A001AF089 /* SquatInfoView.swift in Sources */,
				708F0A7F2B414D4A001AF089 /* BicepCurlInfoView.swift in Sources */,
				7083E6C62ABF0EC9007D43CE /* AppleAuthCoordinator.swift in Sources */,
				70A9B7412ACBCFC70061DAA3 /* BodyProfileView.swift in Sources */,
				703E547B2ADBD5D900E7D911 /* GrassView.swift in Sources */,
				70756F022BCA75E10035EFF4 /* HistorySectionView.swift in Sources */,
				707B8FC92ABF1D37008ADECE /* Store.swift in Sources */,
				70E156942AD2D6C50019329C /* RecordSetsView.swift in Sources */,
				705EC0A92AFF7C530085801A /* GrassData.swift in Sources */,
				703CD5F02AC015C900BC76D4 /* CustomError.swift in Sources */,
				708F0A812B414D4A001AF089 /* ExerciseGuideListView.swift in Sources */,
				70BFFF142B7747E600C8A8C8 /* GuideView.swift in Sources */,
				70BDDB4F2B947B01002FCEEA /* FullRecordsView_RecordView.swift in Sources */,
				70AC465F2ABFF82D00BFE46D /* SettingView.swift in Sources */,
				7019642F2AD41C4A00ED39BF /* ExerciseSection.swift in Sources */,
				70C144D32AC82558007F0540 /* APIClient.swift in Sources */,
				70A74E8A2AC8433F00EA7A35 /* ExerciseStore.swift in Sources */,
				70F8389E2AC7FE36009725EF /* CreatedAt.swift in Sources */,
				701CC4C62AD2875700852E2E /* FileManagerHelper.swift in Sources */,
				70E556022ABF010C006D4DA0 /* ContentView.swift in Sources */,
				702E21702BCA55D600147279 /* HistoryRepositoryV2Impl.swift in Sources */,
				70C0559B2B79F9F300375526 /* AppDelegate.swift in Sources */,
				702E216B2BCA541C00147279 /* HistoryViewModel.swift in Sources */,
				70E556002ABF010C006D4DA0 /* dg_muscle_iosApp.swift in Sources */,
				707BBF182AF7D1D800A8ABD2 /* Height.swift in Sources */,
				70F838A22AC7FE84009725EF /* ExerciseHistory.swift in Sources */,
				70756EF72BCA6C210035EFF4 /* ExerciseRepositoryV2.swift in Sources */,
				70C0559D2B79FB4600375526 /* QuickAction.swift in Sources */,
				701CC4AC2AD271CF00852E2E /* UserRepository.swift in Sources */,
				70A74E8C2AC8439C00EA7A35 /* HistoryFormView.swift in Sources */,
				70F838A42AC7FE96009725EF /* ExerciseHistorySection.swift in Sources */,
				70D3418F2ACC081E0010EAF9 /* Extension+Sequence.swift in Sources */,
				7003E7C42AC86C2D00AFE1C2 /* RecordFormView.swift in Sources */,
				702E21742BCA588A00147279 /* HealthRepositoryLive.swift in Sources */,
				7054F7E42B08BC3300C5678E /* WatchWorkoutAppInfoView.swift in Sources */,
				70884B912ADBB9AA001FA252 /* PieChartView.swift in Sources */,
				70F838AA2AC7FEE1009725EF /* HistoryStore.swift in Sources */,
				70C0559F2B79FC0800375526 /* SceneDelegate.swift in Sources */,
				7086C2F72B924B6700D034B0 /* ImageSaver.swift in Sources */,
				702D895B2B9226F8008EA220 /* ActivityView.swift in Sources */,
				708508C42AF626990035BB9D /* HealthStore.swift in Sources */,
				70226B882AF7765400379ED3 /* WorkoutMetaData.swift in Sources */,
				70FB87B52ACAAE9F00B6B432 /* SetFormView.swift in Sources */,
				702E216E2BCA55C500147279 /* HistoryRepositoryV2.swift in Sources */,
				708F0A802B414D4A001AF089 /* PullUpInfoView.swift in Sources */,
				70756EF52BCA68E70035EFF4 /* HistoryListItemView.swift in Sources */,
				70D3418A2ACC03350010EAF9 /* ExerciseListView.swift in Sources */,
				70B5080C2AC51D4300FC0540 /* PhotoPickerView.swift in Sources */,
				708F0A7E2B414D4A001AF089 /* LegPressInfoView.swift in Sources */,
				70756EFD2BCA6D680035EFF4 /* ExerciseRepositoryV2Test.swift in Sources */,
				702E21682BCA53BC00147279 /* HistoryView.swift in Sources */,
				708F0A842B414D4A001AF089 /* BenchpressInfoView.swift in Sources */,
				70D9033D2AC5A70A001DDC0B /* Vibration.swift in Sources */,
				70B5080F2AC51FD900FC0540 /* DependencyInjection.swift in Sources */,
				703CD5EA2AC0139600BC76D4 /* FileUploader.swift in Sources */,
				701042122AEE483400FAD52C /* UserCache.swift in Sources */,
			);
			runOnlyForDeploymentPostprocessing = 0;
		};
/* End PBXSourcesBuildPhase section */

/* Begin PBXTargetDependency section */
		70240BF72ADC1FF900B87A79 /* PBXTargetDependency */ = {
			isa = PBXTargetDependency;
			target = 70240BE42ADC1FF800B87A79 /* dg-muscle-ios-widgetExtension */;
			targetProxy = 70240BF62ADC1FF900B87A79 /* PBXContainerItemProxy */;
		};
		70A898BF2B6FA0B1009B16FF /* PBXTargetDependency */ = {
			isa = PBXTargetDependency;
			target = 70E555FB2ABF010C006D4DA0 /* dg-muscle-ios */;
			targetProxy = 70A898BE2B6FA0B1009B16FF /* PBXContainerItemProxy */;
		};
/* End PBXTargetDependency section */

/* Begin XCBuildConfiguration section */
		70240BFA2ADC1FF900B87A79 /* Debug */ = {
			isa = XCBuildConfiguration;
			buildSettings = {
				ASSETCATALOG_COMPILER_GLOBAL_ACCENT_COLOR_NAME = AccentColor;
				ASSETCATALOG_COMPILER_WIDGET_BACKGROUND_COLOR_NAME = WidgetBackground;
				CODE_SIGN_ENTITLEMENTS = "dg-muscle-ios-widgetExtension.entitlements";
				CODE_SIGN_STYLE = Automatic;
				CURRENT_PROJECT_VERSION = 1;
				DEVELOPMENT_TEAM = YV58Q28W8Z;
				GENERATE_INFOPLIST_FILE = YES;
				INFOPLIST_FILE = "dg-muscle-ios-widget/Info.plist";
				INFOPLIST_KEY_CFBundleDisplayName = "dg-muscle-ios-widget";
				INFOPLIST_KEY_NSHumanReadableCopyright = "";
				IPHONEOS_DEPLOYMENT_TARGET = 17.0;
				LD_RUNPATH_SEARCH_PATHS = (
					"$(inherited)",
					"@executable_path/Frameworks",
					"@executable_path/../../Frameworks",
				);
				MARKETING_VERSION = 1.3;
				PRODUCT_BUNDLE_IDENTIFIER = "com.donggyu.dg-muscle-ios.dg-muscle-ios-widget";
				PRODUCT_NAME = "$(TARGET_NAME)";
				SDKROOT = iphoneos;
				SKIP_INSTALL = YES;
				SWIFT_EMIT_LOC_STRINGS = YES;
				SWIFT_VERSION = 5.0;
				TARGETED_DEVICE_FAMILY = "1,2";
			};
			name = Debug;
		};
		70240BFB2ADC1FF900B87A79 /* Release */ = {
			isa = XCBuildConfiguration;
			buildSettings = {
				ASSETCATALOG_COMPILER_GLOBAL_ACCENT_COLOR_NAME = AccentColor;
				ASSETCATALOG_COMPILER_WIDGET_BACKGROUND_COLOR_NAME = WidgetBackground;
				CODE_SIGN_ENTITLEMENTS = "dg-muscle-ios-widgetExtension.entitlements";
				CODE_SIGN_STYLE = Automatic;
				CURRENT_PROJECT_VERSION = 1;
				DEVELOPMENT_TEAM = YV58Q28W8Z;
				GENERATE_INFOPLIST_FILE = YES;
				INFOPLIST_FILE = "dg-muscle-ios-widget/Info.plist";
				INFOPLIST_KEY_CFBundleDisplayName = "dg-muscle-ios-widget";
				INFOPLIST_KEY_NSHumanReadableCopyright = "";
				IPHONEOS_DEPLOYMENT_TARGET = 17.0;
				LD_RUNPATH_SEARCH_PATHS = (
					"$(inherited)",
					"@executable_path/Frameworks",
					"@executable_path/../../Frameworks",
				);
				MARKETING_VERSION = 1.3;
				PRODUCT_BUNDLE_IDENTIFIER = "com.donggyu.dg-muscle-ios.dg-muscle-ios-widget";
				PRODUCT_NAME = "$(TARGET_NAME)";
				SDKROOT = iphoneos;
				SKIP_INSTALL = YES;
				SWIFT_EMIT_LOC_STRINGS = YES;
				SWIFT_VERSION = 5.0;
				TARGETED_DEVICE_FAMILY = "1,2";
				VALIDATE_PRODUCT = YES;
			};
			name = Release;
		};
		70A898C02B6FA0B2009B16FF /* Debug */ = {
			isa = XCBuildConfiguration;
			buildSettings = {
				BUNDLE_LOADER = "$(TEST_HOST)";
				CODE_SIGN_STYLE = Automatic;
				CURRENT_PROJECT_VERSION = 1;
				DEVELOPMENT_TEAM = YV58Q28W8Z;
				GENERATE_INFOPLIST_FILE = YES;
				IPHONEOS_DEPLOYMENT_TARGET = 17.0;
				MARKETING_VERSION = 1.3;
				PRODUCT_BUNDLE_IDENTIFIER = "com.donggyu.dg-muscle-iosTests";
				PRODUCT_NAME = "$(TARGET_NAME)";
				SDKROOT = iphoneos;
				SWIFT_EMIT_LOC_STRINGS = NO;
				SWIFT_VERSION = 5.0;
				TARGETED_DEVICE_FAMILY = "1,2";
				TEST_HOST = "$(BUILT_PRODUCTS_DIR)/dg-muscle-ios.app/$(BUNDLE_EXECUTABLE_FOLDER_PATH)/dg-muscle-ios";
			};
			name = Debug;
		};
		70A898C12B6FA0B2009B16FF /* Release */ = {
			isa = XCBuildConfiguration;
			buildSettings = {
				BUNDLE_LOADER = "$(TEST_HOST)";
				CODE_SIGN_STYLE = Automatic;
				CURRENT_PROJECT_VERSION = 1;
				DEVELOPMENT_TEAM = YV58Q28W8Z;
				GENERATE_INFOPLIST_FILE = YES;
				IPHONEOS_DEPLOYMENT_TARGET = 17.0;
				MARKETING_VERSION = 1.3;
				PRODUCT_BUNDLE_IDENTIFIER = "com.donggyu.dg-muscle-iosTests";
				PRODUCT_NAME = "$(TARGET_NAME)";
				SDKROOT = iphoneos;
				SWIFT_EMIT_LOC_STRINGS = NO;
				SWIFT_VERSION = 5.0;
				TARGETED_DEVICE_FAMILY = "1,2";
				TEST_HOST = "$(BUILT_PRODUCTS_DIR)/dg-muscle-ios.app/$(BUNDLE_EXECUTABLE_FOLDER_PATH)/dg-muscle-ios";
				VALIDATE_PRODUCT = YES;
			};
			name = Release;
		};
		70E556092ABF010D006D4DA0 /* Debug */ = {
			isa = XCBuildConfiguration;
			buildSettings = {
				ALWAYS_SEARCH_USER_PATHS = NO;
				ASSETCATALOG_COMPILER_GENERATE_SWIFT_ASSET_SYMBOL_EXTENSIONS = YES;
				CLANG_ANALYZER_NONNULL = YES;
				CLANG_ANALYZER_NUMBER_OBJECT_CONVERSION = YES_AGGRESSIVE;
				CLANG_CXX_LANGUAGE_STANDARD = "gnu++20";
				CLANG_ENABLE_MODULES = YES;
				CLANG_ENABLE_OBJC_ARC = YES;
				CLANG_ENABLE_OBJC_WEAK = YES;
				CLANG_WARN_BLOCK_CAPTURE_AUTORELEASING = YES;
				CLANG_WARN_BOOL_CONVERSION = YES;
				CLANG_WARN_COMMA = YES;
				CLANG_WARN_CONSTANT_CONVERSION = YES;
				CLANG_WARN_DEPRECATED_OBJC_IMPLEMENTATIONS = YES;
				CLANG_WARN_DIRECT_OBJC_ISA_USAGE = YES_ERROR;
				CLANG_WARN_DOCUMENTATION_COMMENTS = YES;
				CLANG_WARN_EMPTY_BODY = YES;
				CLANG_WARN_ENUM_CONVERSION = YES;
				CLANG_WARN_INFINITE_RECURSION = YES;
				CLANG_WARN_INT_CONVERSION = YES;
				CLANG_WARN_NON_LITERAL_NULL_CONVERSION = YES;
				CLANG_WARN_OBJC_IMPLICIT_RETAIN_SELF = YES;
				CLANG_WARN_OBJC_LITERAL_CONVERSION = YES;
				CLANG_WARN_OBJC_ROOT_CLASS = YES_ERROR;
				CLANG_WARN_QUOTED_INCLUDE_IN_FRAMEWORK_HEADER = YES;
				CLANG_WARN_RANGE_LOOP_ANALYSIS = YES;
				CLANG_WARN_STRICT_PROTOTYPES = YES;
				CLANG_WARN_SUSPICIOUS_MOVE = YES;
				CLANG_WARN_UNGUARDED_AVAILABILITY = YES_AGGRESSIVE;
				CLANG_WARN_UNREACHABLE_CODE = YES;
				CLANG_WARN__DUPLICATE_METHOD_MATCH = YES;
				COPY_PHASE_STRIP = NO;
				DEBUG_INFORMATION_FORMAT = dwarf;
				ENABLE_STRICT_OBJC_MSGSEND = YES;
				ENABLE_TESTABILITY = YES;
				ENABLE_USER_SCRIPT_SANDBOXING = YES;
				GCC_C_LANGUAGE_STANDARD = gnu17;
				GCC_DYNAMIC_NO_PIC = NO;
				GCC_NO_COMMON_BLOCKS = YES;
				GCC_OPTIMIZATION_LEVEL = 0;
				GCC_PREPROCESSOR_DEFINITIONS = (
					"DEBUG=1",
					"$(inherited)",
				);
				GCC_WARN_64_TO_32_BIT_CONVERSION = YES;
				GCC_WARN_ABOUT_RETURN_TYPE = YES_ERROR;
				GCC_WARN_UNDECLARED_SELECTOR = YES;
				GCC_WARN_UNINITIALIZED_AUTOS = YES_AGGRESSIVE;
				GCC_WARN_UNUSED_FUNCTION = YES;
				GCC_WARN_UNUSED_VARIABLE = YES;
				IPHONEOS_DEPLOYMENT_TARGET = 17.0;
				LOCALIZATION_PREFERS_STRING_CATALOGS = YES;
				MACOSX_DEPLOYMENT_TARGET = 13.6;
				MTL_ENABLE_DEBUG_INFO = INCLUDE_SOURCE;
				MTL_FAST_MATH = YES;
				ONLY_ACTIVE_ARCH = YES;
				SDKROOT = macosx;
				SWIFT_ACTIVE_COMPILATION_CONDITIONS = "DEBUG $(inherited)";
				SWIFT_OPTIMIZATION_LEVEL = "-Onone";
			};
			name = Debug;
		};
		70E5560A2ABF010D006D4DA0 /* Release */ = {
			isa = XCBuildConfiguration;
			buildSettings = {
				ALWAYS_SEARCH_USER_PATHS = NO;
				ASSETCATALOG_COMPILER_GENERATE_SWIFT_ASSET_SYMBOL_EXTENSIONS = YES;
				CLANG_ANALYZER_NONNULL = YES;
				CLANG_ANALYZER_NUMBER_OBJECT_CONVERSION = YES_AGGRESSIVE;
				CLANG_CXX_LANGUAGE_STANDARD = "gnu++20";
				CLANG_ENABLE_MODULES = YES;
				CLANG_ENABLE_OBJC_ARC = YES;
				CLANG_ENABLE_OBJC_WEAK = YES;
				CLANG_WARN_BLOCK_CAPTURE_AUTORELEASING = YES;
				CLANG_WARN_BOOL_CONVERSION = YES;
				CLANG_WARN_COMMA = YES;
				CLANG_WARN_CONSTANT_CONVERSION = YES;
				CLANG_WARN_DEPRECATED_OBJC_IMPLEMENTATIONS = YES;
				CLANG_WARN_DIRECT_OBJC_ISA_USAGE = YES_ERROR;
				CLANG_WARN_DOCUMENTATION_COMMENTS = YES;
				CLANG_WARN_EMPTY_BODY = YES;
				CLANG_WARN_ENUM_CONVERSION = YES;
				CLANG_WARN_INFINITE_RECURSION = YES;
				CLANG_WARN_INT_CONVERSION = YES;
				CLANG_WARN_NON_LITERAL_NULL_CONVERSION = YES;
				CLANG_WARN_OBJC_IMPLICIT_RETAIN_SELF = YES;
				CLANG_WARN_OBJC_LITERAL_CONVERSION = YES;
				CLANG_WARN_OBJC_ROOT_CLASS = YES_ERROR;
				CLANG_WARN_QUOTED_INCLUDE_IN_FRAMEWORK_HEADER = YES;
				CLANG_WARN_RANGE_LOOP_ANALYSIS = YES;
				CLANG_WARN_STRICT_PROTOTYPES = YES;
				CLANG_WARN_SUSPICIOUS_MOVE = YES;
				CLANG_WARN_UNGUARDED_AVAILABILITY = YES_AGGRESSIVE;
				CLANG_WARN_UNREACHABLE_CODE = YES;
				CLANG_WARN__DUPLICATE_METHOD_MATCH = YES;
				COPY_PHASE_STRIP = NO;
				DEBUG_INFORMATION_FORMAT = "dwarf-with-dsym";
				ENABLE_NS_ASSERTIONS = NO;
				ENABLE_STRICT_OBJC_MSGSEND = YES;
				ENABLE_USER_SCRIPT_SANDBOXING = YES;
				GCC_C_LANGUAGE_STANDARD = gnu17;
				GCC_NO_COMMON_BLOCKS = YES;
				GCC_WARN_64_TO_32_BIT_CONVERSION = YES;
				GCC_WARN_ABOUT_RETURN_TYPE = YES_ERROR;
				GCC_WARN_UNDECLARED_SELECTOR = YES;
				GCC_WARN_UNINITIALIZED_AUTOS = YES_AGGRESSIVE;
				GCC_WARN_UNUSED_FUNCTION = YES;
				GCC_WARN_UNUSED_VARIABLE = YES;
				IPHONEOS_DEPLOYMENT_TARGET = 17.0;
				LOCALIZATION_PREFERS_STRING_CATALOGS = YES;
				MACOSX_DEPLOYMENT_TARGET = 13.6;
				MTL_ENABLE_DEBUG_INFO = NO;
				MTL_FAST_MATH = YES;
				SDKROOT = macosx;
				SWIFT_COMPILATION_MODE = wholemodule;
			};
			name = Release;
		};
		70E5560C2ABF010D006D4DA0 /* Debug */ = {
			isa = XCBuildConfiguration;
			buildSettings = {
				ALWAYS_EMBED_SWIFT_STANDARD_LIBRARIES = YES;
				ASSETCATALOG_COMPILER_APPICON_NAME = AppIcon;
				ASSETCATALOG_COMPILER_GLOBAL_ACCENT_COLOR_NAME = AccentColor;
				CODE_SIGN_ENTITLEMENTS = "dg-muscle-ios/dg_muscle_ios.entitlements";
				CODE_SIGN_STYLE = Automatic;
				COMBINE_HIDPI_IMAGES = YES;
				CURRENT_PROJECT_VERSION = 1;
				DEVELOPMENT_ASSET_PATHS = "\"dg-muscle-ios/Preview Content\"";
				DEVELOPMENT_TEAM = YV58Q28W8Z;
				ENABLE_HARDENED_RUNTIME = YES;
				ENABLE_PREVIEWS = YES;
				GENERATE_INFOPLIST_FILE = YES;
				INFOPLIST_FILE = "dg-muscle-ios/Info.plist";
				INFOPLIST_KEY_CFBundleDisplayName = dgmuscle;
				INFOPLIST_KEY_LSApplicationCategoryType = "public.app-category.healthcare-fitness";
				INFOPLIST_KEY_NSHealthShareUsageDescription = "Need to use health data";
				INFOPLIST_KEY_NSHealthUpdateUsageDescription = "Need to fetch health data";
				INFOPLIST_KEY_NSHumanReadableCopyright = "";
				INFOPLIST_KEY_NSPhotoLibraryUsageDescription = "We need access to your photo library to let you save, pick pictures.";
				INFOPLIST_KEY_UILaunchStoryboardName = launchfile;
				LD_RUNPATH_SEARCH_PATHS = (
					"$(inherited)",
					"@executable_path/../Frameworks",
				);
				MARKETING_VERSION = 1.3;
				PRODUCT_BUNDLE_IDENTIFIER = "com.donggyu.dg-muscle-ios";
				PRODUCT_NAME = "$(TARGET_NAME)";
				SUPPORTED_PLATFORMS = "iphoneos iphonesimulator macosx";
				SUPPORTS_MACCATALYST = NO;
				SWIFT_EMIT_LOC_STRINGS = YES;
				SWIFT_VERSION = 5.0;
				TARGETED_DEVICE_FAMILY = 1;
			};
			name = Debug;
		};
		70E5560D2ABF010D006D4DA0 /* Release */ = {
			isa = XCBuildConfiguration;
			buildSettings = {
				ALWAYS_EMBED_SWIFT_STANDARD_LIBRARIES = YES;
				ASSETCATALOG_COMPILER_APPICON_NAME = AppIcon;
				ASSETCATALOG_COMPILER_GLOBAL_ACCENT_COLOR_NAME = AccentColor;
				CODE_SIGN_ENTITLEMENTS = "dg-muscle-ios/dg_muscle_ios.entitlements";
				CODE_SIGN_STYLE = Automatic;
				COMBINE_HIDPI_IMAGES = YES;
				CURRENT_PROJECT_VERSION = 1;
				DEVELOPMENT_ASSET_PATHS = "\"dg-muscle-ios/Preview Content\"";
				DEVELOPMENT_TEAM = YV58Q28W8Z;
				ENABLE_HARDENED_RUNTIME = YES;
				ENABLE_PREVIEWS = YES;
				GENERATE_INFOPLIST_FILE = YES;
				INFOPLIST_FILE = "dg-muscle-ios/Info.plist";
				INFOPLIST_KEY_CFBundleDisplayName = dgmuscle;
				INFOPLIST_KEY_LSApplicationCategoryType = "public.app-category.healthcare-fitness";
				INFOPLIST_KEY_NSHealthShareUsageDescription = "Need to use health data";
				INFOPLIST_KEY_NSHealthUpdateUsageDescription = "Need to fetch health data";
				INFOPLIST_KEY_NSHumanReadableCopyright = "";
				INFOPLIST_KEY_NSPhotoLibraryUsageDescription = "We need access to your photo library to let you save, pick pictures.";
				INFOPLIST_KEY_UILaunchStoryboardName = launchfile;
				LD_RUNPATH_SEARCH_PATHS = (
					"$(inherited)",
					"@executable_path/../Frameworks",
				);
				MARKETING_VERSION = 1.3;
				PRODUCT_BUNDLE_IDENTIFIER = "com.donggyu.dg-muscle-ios";
				PRODUCT_NAME = "$(TARGET_NAME)";
				SUPPORTED_PLATFORMS = "iphoneos iphonesimulator macosx";
				SUPPORTS_MACCATALYST = NO;
				SWIFT_EMIT_LOC_STRINGS = YES;
				SWIFT_VERSION = 5.0;
				TARGETED_DEVICE_FAMILY = 1;
			};
			name = Release;
		};
/* End XCBuildConfiguration section */

/* Begin XCConfigurationList section */
		70240BFC2ADC1FF900B87A79 /* Build configuration list for PBXNativeTarget "dg-muscle-ios-widgetExtension" */ = {
			isa = XCConfigurationList;
			buildConfigurations = (
				70240BFA2ADC1FF900B87A79 /* Debug */,
				70240BFB2ADC1FF900B87A79 /* Release */,
			);
			defaultConfigurationIsVisible = 0;
			defaultConfigurationName = Release;
		};
		70A898C22B6FA0B2009B16FF /* Build configuration list for PBXNativeTarget "dg-muscle-iosTests" */ = {
			isa = XCConfigurationList;
			buildConfigurations = (
				70A898C02B6FA0B2009B16FF /* Debug */,
				70A898C12B6FA0B2009B16FF /* Release */,
			);
			defaultConfigurationIsVisible = 0;
			defaultConfigurationName = Release;
		};
		70E555F72ABF010C006D4DA0 /* Build configuration list for PBXProject "dg-muscle-ios" */ = {
			isa = XCConfigurationList;
			buildConfigurations = (
				70E556092ABF010D006D4DA0 /* Debug */,
				70E5560A2ABF010D006D4DA0 /* Release */,
			);
			defaultConfigurationIsVisible = 0;
			defaultConfigurationName = Release;
		};
		70E5560B2ABF010D006D4DA0 /* Build configuration list for PBXNativeTarget "dg-muscle-ios" */ = {
			isa = XCConfigurationList;
			buildConfigurations = (
				70E5560C2ABF010D006D4DA0 /* Debug */,
				70E5560D2ABF010D006D4DA0 /* Release */,
			);
			defaultConfigurationIsVisible = 0;
			defaultConfigurationName = Release;
		};
/* End XCConfigurationList section */

/* Begin XCRemoteSwiftPackageReference section */
		702BC70A2ABF2A0800E325DB /* XCRemoteSwiftPackageReference "Kingfisher" */ = {
			isa = XCRemoteSwiftPackageReference;
			repositoryURL = "https://github.com/onevcat/Kingfisher.git";
			requirement = {
				kind = upToNextMajorVersion;
				minimumVersion = 7.9.1;
			};
		};
		7083E6B52ABF06B7007D43CE /* XCRemoteSwiftPackageReference "firebase-ios-sdk" */ = {
			isa = XCRemoteSwiftPackageReference;
			repositoryURL = "https://github.com/firebase/firebase-ios-sdk";
			requirement = {
				kind = upToNextMajorVersion;
				minimumVersion = 10.15.0;
			};
		};
		708F0A612B414D1B001AF089 /* XCRemoteSwiftPackageReference "SDWebImageSwiftUI" */ = {
			isa = XCRemoteSwiftPackageReference;
			repositoryURL = "https://github.com/SDWebImage/SDWebImageSwiftUI";
			requirement = {
				kind = upToNextMajorVersion;
				minimumVersion = 2.2.6;
			};
		};
/* End XCRemoteSwiftPackageReference section */

/* Begin XCSwiftPackageProductDependency section */
		702BC70B2ABF2A0800E325DB /* Kingfisher */ = {
			isa = XCSwiftPackageProductDependency;
			package = 702BC70A2ABF2A0800E325DB /* XCRemoteSwiftPackageReference "Kingfisher" */;
			productName = Kingfisher;
		};
		703CD5EB2AC013D300BC76D4 /* FirebaseFirestore */ = {
			isa = XCSwiftPackageProductDependency;
			package = 7083E6B52ABF06B7007D43CE /* XCRemoteSwiftPackageReference "firebase-ios-sdk" */;
			productName = FirebaseFirestore;
		};
		703CD5ED2AC0148800BC76D4 /* FirebaseStorage */ = {
			isa = XCSwiftPackageProductDependency;
			package = 7083E6B52ABF06B7007D43CE /* XCRemoteSwiftPackageReference "firebase-ios-sdk" */;
			productName = FirebaseStorage;
		};
		7083E6B62ABF06B7007D43CE /* FirebaseAnalytics */ = {
			isa = XCSwiftPackageProductDependency;
			package = 7083E6B52ABF06B7007D43CE /* XCRemoteSwiftPackageReference "firebase-ios-sdk" */;
			productName = FirebaseAnalytics;
		};
		7083E6B82ABF06B7007D43CE /* FirebaseAnalyticsOnDeviceConversion */ = {
			isa = XCSwiftPackageProductDependency;
			package = 7083E6B52ABF06B7007D43CE /* XCRemoteSwiftPackageReference "firebase-ios-sdk" */;
			productName = FirebaseAnalyticsOnDeviceConversion;
		};
		7083E6BA2ABF06B7007D43CE /* FirebaseAnalyticsSwift */ = {
			isa = XCSwiftPackageProductDependency;
			package = 7083E6B52ABF06B7007D43CE /* XCRemoteSwiftPackageReference "firebase-ios-sdk" */;
			productName = FirebaseAnalyticsSwift;
		};
		7083E6BC2ABF06B7007D43CE /* FirebaseAnalyticsWithoutAdIdSupport */ = {
			isa = XCSwiftPackageProductDependency;
			package = 7083E6B52ABF06B7007D43CE /* XCRemoteSwiftPackageReference "firebase-ios-sdk" */;
			productName = FirebaseAnalyticsWithoutAdIdSupport;
		};
		7083E6BE2ABF06B7007D43CE /* FirebaseAppCheck */ = {
			isa = XCSwiftPackageProductDependency;
			package = 7083E6B52ABF06B7007D43CE /* XCRemoteSwiftPackageReference "firebase-ios-sdk" */;
			productName = FirebaseAppCheck;
		};
		7083E6C82ABF0F45007D43CE /* FirebaseAuth */ = {
			isa = XCSwiftPackageProductDependency;
			package = 7083E6B52ABF06B7007D43CE /* XCRemoteSwiftPackageReference "firebase-ios-sdk" */;
			productName = FirebaseAuth;
		};
		708F0A852B414D6F001AF089 /* SDWebImageSwiftUI */ = {
			isa = XCSwiftPackageProductDependency;
			package = 708F0A612B414D1B001AF089 /* XCRemoteSwiftPackageReference "SDWebImageSwiftUI" */;
			productName = SDWebImageSwiftUI;
		};
/* End XCSwiftPackageProductDependency section */
	};
	rootObject = 70E555F42ABF010C006D4DA0 /* Project object */;
}
