// !$*UTF8*$!
{
	archiveVersion = 1;
	classes = {
	};
	objectVersion = 56;
	objects = {

/* Begin PBXBuildFile section */
		702BC70C2ABF2A0800E325DB /* Kingfisher in Frameworks */ = {isa = PBXBuildFile; productRef = 702BC70B2ABF2A0800E325DB /* Kingfisher */; };
		703CD5EA2AC0139600BC76D4 /* FileUploader.swift in Sources */ = {isa = PBXBuildFile; fileRef = 703CD5E92AC0139600BC76D4 /* FileUploader.swift */; };
		703CD5EC2AC013D300BC76D4 /* FirebaseFirestore in Frameworks */ = {isa = PBXBuildFile; productRef = 703CD5EB2AC013D300BC76D4 /* FirebaseFirestore */; };
		703CD5EE2AC0148800BC76D4 /* FirebaseStorage in Frameworks */ = {isa = PBXBuildFile; productRef = 703CD5ED2AC0148800BC76D4 /* FirebaseStorage */; };
		703CD5F02AC015C900BC76D4 /* CustomError.swift in Sources */ = {isa = PBXBuildFile; fileRef = 703CD5EF2AC015C900BC76D4 /* CustomError.swift */; };
		7060FDB02AC5E1C3001A2198 /* ErrorView.swift in Sources */ = {isa = PBXBuildFile; fileRef = 7060FDAF2AC5E1C3001A2198 /* ErrorView.swift */; };
		707B8FC72ABF1CAC008ADECE /* UserStore.swift in Sources */ = {isa = PBXBuildFile; fileRef = 707B8FC62ABF1CAC008ADECE /* UserStore.swift */; };
		707B8FC92ABF1D37008ADECE /* Store.swift in Sources */ = {isa = PBXBuildFile; fileRef = 707B8FC82ABF1D37008ADECE /* Store.swift */; };
		707B8FD32ABF207F008ADECE /* Authenticator.swift in Sources */ = {isa = PBXBuildFile; fileRef = 707B8FD22ABF207F008ADECE /* Authenticator.swift */; };
		7083E6B42ABF065F007D43CE /* GoogleService-Info.plist in Resources */ = {isa = PBXBuildFile; fileRef = 7083E6B32ABF065F007D43CE /* GoogleService-Info.plist */; };
		7083E6B72ABF06B7007D43CE /* FirebaseAnalytics in Frameworks */ = {isa = PBXBuildFile; productRef = 7083E6B62ABF06B7007D43CE /* FirebaseAnalytics */; };
		7083E6B92ABF06B7007D43CE /* FirebaseAnalyticsOnDeviceConversion in Frameworks */ = {isa = PBXBuildFile; productRef = 7083E6B82ABF06B7007D43CE /* FirebaseAnalyticsOnDeviceConversion */; };
		7083E6BB2ABF06B7007D43CE /* FirebaseAnalyticsSwift in Frameworks */ = {isa = PBXBuildFile; productRef = 7083E6BA2ABF06B7007D43CE /* FirebaseAnalyticsSwift */; };
		7083E6BD2ABF06B7007D43CE /* FirebaseAnalyticsWithoutAdIdSupport in Frameworks */ = {isa = PBXBuildFile; productRef = 7083E6BC2ABF06B7007D43CE /* FirebaseAnalyticsWithoutAdIdSupport */; };
		7083E6BF2ABF06B7007D43CE /* FirebaseAppCheck in Frameworks */ = {isa = PBXBuildFile; productRef = 7083E6BE2ABF06B7007D43CE /* FirebaseAppCheck */; };
		7083E6C32ABF0C62007D43CE /* SignInView.swift in Sources */ = {isa = PBXBuildFile; fileRef = 7083E6C22ABF0C62007D43CE /* SignInView.swift */; };
		7083E6C62ABF0EC9007D43CE /* AppleAuthCoordinator.swift in Sources */ = {isa = PBXBuildFile; fileRef = 7083E6C52ABF0EC9007D43CE /* AppleAuthCoordinator.swift */; };
		7083E6C92ABF0F45007D43CE /* FirebaseAuth in Frameworks */ = {isa = PBXBuildFile; productRef = 7083E6C82ABF0F45007D43CE /* FirebaseAuth */; };
		7084B1862AC5B8F50011A91B /* SimpleTextInputView.swift in Sources */ = {isa = PBXBuildFile; fileRef = 7084B1852AC5B8F50011A91B /* SimpleTextInputView.swift */; };
		70AC465F2ABFF82D00BFE46D /* SettingView.swift in Sources */ = {isa = PBXBuildFile; fileRef = 70AC465E2ABFF82D00BFE46D /* SettingView.swift */; };
		70AC46622ABFF8D700BFE46D /* TabView.swift in Sources */ = {isa = PBXBuildFile; fileRef = 70AC46612ABFF8D700BFE46D /* TabView.swift */; };
		70AC46692AC00A8000BFE46D /* TabItemsView.swift in Sources */ = {isa = PBXBuildFile; fileRef = 70AC46682AC00A8000BFE46D /* TabItemsView.swift */; };
		70B5080C2AC51D4300FC0540 /* PhotoPickerView.swift in Sources */ = {isa = PBXBuildFile; fileRef = 70B5080B2AC51D4300FC0540 /* PhotoPickerView.swift */; };
		70B5080F2AC51FD900FC0540 /* DependencyInjection.swift in Sources */ = {isa = PBXBuildFile; fileRef = 70B5080E2AC51FD900FC0540 /* DependencyInjection.swift */; };
		70D17E0D2AC5D70B00B86E37 /* WithdrawalConfirmView.swift in Sources */ = {isa = PBXBuildFile; fileRef = 70D17E0C2AC5D70B00B86E37 /* WithdrawalConfirmView.swift */; };
		70D9033D2AC5A70A001DDC0B /* Vibration.swift in Sources */ = {isa = PBXBuildFile; fileRef = 70D9033C2AC5A70A001DDC0B /* Vibration.swift */; };
		70D9033F2AC5A73E001DDC0B /* ProfileBoxView.swift in Sources */ = {isa = PBXBuildFile; fileRef = 70D9033E2AC5A73E001DDC0B /* ProfileBoxView.swift */; };
		70E556002ABF010C006D4DA0 /* dg_muscle_iosApp.swift in Sources */ = {isa = PBXBuildFile; fileRef = 70E555FF2ABF010C006D4DA0 /* dg_muscle_iosApp.swift */; };
		70E556022ABF010C006D4DA0 /* ContentView.swift in Sources */ = {isa = PBXBuildFile; fileRef = 70E556012ABF010C006D4DA0 /* ContentView.swift */; };
		70E556042ABF010D006D4DA0 /* Assets.xcassets in Resources */ = {isa = PBXBuildFile; fileRef = 70E556032ABF010D006D4DA0 /* Assets.xcassets */; };
		70E556072ABF010D006D4DA0 /* Preview Assets.xcassets in Resources */ = {isa = PBXBuildFile; fileRef = 70E556062ABF010D006D4DA0 /* Preview Assets.xcassets */; };
/* End PBXBuildFile section */

/* Begin PBXFileReference section */
		703CD5E92AC0139600BC76D4 /* FileUploader.swift */ = {isa = PBXFileReference; lastKnownFileType = sourcecode.swift; path = FileUploader.swift; sourceTree = "<group>"; };
		703CD5EF2AC015C900BC76D4 /* CustomError.swift */ = {isa = PBXFileReference; lastKnownFileType = sourcecode.swift; path = CustomError.swift; sourceTree = "<group>"; };
		7060FDAF2AC5E1C3001A2198 /* ErrorView.swift */ = {isa = PBXFileReference; lastKnownFileType = sourcecode.swift; path = ErrorView.swift; sourceTree = "<group>"; };
		707B8FC62ABF1CAC008ADECE /* UserStore.swift */ = {isa = PBXFileReference; lastKnownFileType = sourcecode.swift; path = UserStore.swift; sourceTree = "<group>"; };
		707B8FC82ABF1D37008ADECE /* Store.swift */ = {isa = PBXFileReference; lastKnownFileType = sourcecode.swift; path = Store.swift; sourceTree = "<group>"; };
		707B8FD22ABF207F008ADECE /* Authenticator.swift */ = {isa = PBXFileReference; lastKnownFileType = sourcecode.swift; path = Authenticator.swift; sourceTree = "<group>"; };
		7083E6B32ABF065F007D43CE /* GoogleService-Info.plist */ = {isa = PBXFileReference; fileEncoding = 4; lastKnownFileType = text.plist.xml; path = "GoogleService-Info.plist"; sourceTree = "<group>"; };
		7083E6C22ABF0C62007D43CE /* SignInView.swift */ = {isa = PBXFileReference; lastKnownFileType = sourcecode.swift; path = SignInView.swift; sourceTree = "<group>"; };
		7083E6C52ABF0EC9007D43CE /* AppleAuthCoordinator.swift */ = {isa = PBXFileReference; lastKnownFileType = sourcecode.swift; path = AppleAuthCoordinator.swift; sourceTree = "<group>"; };
		7084B1852AC5B8F50011A91B /* SimpleTextInputView.swift */ = {isa = PBXFileReference; lastKnownFileType = sourcecode.swift; path = SimpleTextInputView.swift; sourceTree = "<group>"; };
		70AC465E2ABFF82D00BFE46D /* SettingView.swift */ = {isa = PBXFileReference; lastKnownFileType = sourcecode.swift; path = SettingView.swift; sourceTree = "<group>"; };
		70AC46612ABFF8D700BFE46D /* TabView.swift */ = {isa = PBXFileReference; lastKnownFileType = sourcecode.swift; path = TabView.swift; sourceTree = "<group>"; };
		70AC46682AC00A8000BFE46D /* TabItemsView.swift */ = {isa = PBXFileReference; lastKnownFileType = sourcecode.swift; path = TabItemsView.swift; sourceTree = "<group>"; };
		70B5080B2AC51D4300FC0540 /* PhotoPickerView.swift */ = {isa = PBXFileReference; lastKnownFileType = sourcecode.swift; path = PhotoPickerView.swift; sourceTree = "<group>"; };
		70B5080E2AC51FD900FC0540 /* DependencyInjection.swift */ = {isa = PBXFileReference; lastKnownFileType = sourcecode.swift; path = DependencyInjection.swift; sourceTree = "<group>"; };
		70D17E0C2AC5D70B00B86E37 /* WithdrawalConfirmView.swift */ = {isa = PBXFileReference; lastKnownFileType = sourcecode.swift; path = WithdrawalConfirmView.swift; sourceTree = "<group>"; };
		70D9033C2AC5A70A001DDC0B /* Vibration.swift */ = {isa = PBXFileReference; lastKnownFileType = sourcecode.swift; path = Vibration.swift; sourceTree = "<group>"; };
		70D9033E2AC5A73E001DDC0B /* ProfileBoxView.swift */ = {isa = PBXFileReference; lastKnownFileType = sourcecode.swift; path = ProfileBoxView.swift; sourceTree = "<group>"; };
		70E555FC2ABF010C006D4DA0 /* dg-muscle-ios.app */ = {isa = PBXFileReference; explicitFileType = wrapper.application; includeInIndex = 0; path = "dg-muscle-ios.app"; sourceTree = BUILT_PRODUCTS_DIR; };
		70E555FF2ABF010C006D4DA0 /* dg_muscle_iosApp.swift */ = {isa = PBXFileReference; lastKnownFileType = sourcecode.swift; path = dg_muscle_iosApp.swift; sourceTree = "<group>"; };
		70E556012ABF010C006D4DA0 /* ContentView.swift */ = {isa = PBXFileReference; lastKnownFileType = sourcecode.swift; path = ContentView.swift; sourceTree = "<group>"; };
		70E556032ABF010D006D4DA0 /* Assets.xcassets */ = {isa = PBXFileReference; lastKnownFileType = folder.assetcatalog; path = Assets.xcassets; sourceTree = "<group>"; };
		70E556062ABF010D006D4DA0 /* Preview Assets.xcassets */ = {isa = PBXFileReference; lastKnownFileType = folder.assetcatalog; path = "Preview Assets.xcassets"; sourceTree = "<group>"; };
		70E556082ABF010D006D4DA0 /* dg_muscle_ios.entitlements */ = {isa = PBXFileReference; lastKnownFileType = text.plist.entitlements; path = dg_muscle_ios.entitlements; sourceTree = "<group>"; };
/* End PBXFileReference section */

/* Begin PBXFrameworksBuildPhase section */
		70E555F92ABF010C006D4DA0 /* Frameworks */ = {
			isa = PBXFrameworksBuildPhase;
			buildActionMask = 2147483647;
			files = (
				7083E6BB2ABF06B7007D43CE /* FirebaseAnalyticsSwift in Frameworks */,
				7083E6C92ABF0F45007D43CE /* FirebaseAuth in Frameworks */,
				703CD5EE2AC0148800BC76D4 /* FirebaseStorage in Frameworks */,
				702BC70C2ABF2A0800E325DB /* Kingfisher in Frameworks */,
				7083E6B72ABF06B7007D43CE /* FirebaseAnalytics in Frameworks */,
				7083E6B92ABF06B7007D43CE /* FirebaseAnalyticsOnDeviceConversion in Frameworks */,
				703CD5EC2AC013D300BC76D4 /* FirebaseFirestore in Frameworks */,
				7083E6BF2ABF06B7007D43CE /* FirebaseAppCheck in Frameworks */,
				7083E6BD2ABF06B7007D43CE /* FirebaseAnalyticsWithoutAdIdSupport in Frameworks */,
			);
			runOnlyForDeploymentPostprocessing = 0;
		};
/* End PBXFrameworksBuildPhase section */

/* Begin PBXGroup section */
		707B8FC52ABF1C92008ADECE /* store */ = {
			isa = PBXGroup;
			children = (
				707B8FC82ABF1D37008ADECE /* Store.swift */,
				707B8FC62ABF1CAC008ADECE /* UserStore.swift */,
			);
			path = store;
			sourceTree = "<group>";
		};
		707B8FD02ABF1FD5008ADECE /* main */ = {
			isa = PBXGroup;
			children = (
				70E556032ABF010D006D4DA0 /* Assets.xcassets */,
				70E556012ABF010C006D4DA0 /* ContentView.swift */,
				703CD5EF2AC015C900BC76D4 /* CustomError.swift */,
				70E555FF2ABF010C006D4DA0 /* dg_muscle_iosApp.swift */,
			);
			path = main;
			sourceTree = "<group>";
		};
		707B8FD12ABF204A008ADECE /* util */ = {
			isa = PBXGroup;
			children = (
				7083E6C52ABF0EC9007D43CE /* AppleAuthCoordinator.swift */,
				707B8FD22ABF207F008ADECE /* Authenticator.swift */,
				70B5080E2AC51FD900FC0540 /* DependencyInjection.swift */,
				703CD5E92AC0139600BC76D4 /* FileUploader.swift */,
				70D9033C2AC5A70A001DDC0B /* Vibration.swift */,
			);
			path = util;
			sourceTree = "<group>";
		};
		7083E6C02ABF0C44007D43CE /* view */ = {
			isa = PBXGroup;
			children = (
				70B5080A2AC51D3400FC0540 /* global */,
				70AC465D2ABFF81800BFE46D /* setting */,
				7083E6CA2ABF1614007D43CE /* signin */,
				70AC46602ABFF8C700BFE46D /* tab */,
			);
			path = view;
			sourceTree = "<group>";
		};
		7083E6C72ABF0F45007D43CE /* Frameworks */ = {
			isa = PBXGroup;
			children = (
			);
			name = Frameworks;
			sourceTree = "<group>";
		};
		7083E6CA2ABF1614007D43CE /* signin */ = {
			isa = PBXGroup;
			children = (
				7083E6C22ABF0C62007D43CE /* SignInView.swift */,
			);
			path = signin;
			sourceTree = "<group>";
		};
		70AC465D2ABFF81800BFE46D /* setting */ = {
			isa = PBXGroup;
			children = (
				70D9033E2AC5A73E001DDC0B /* ProfileBoxView.swift */,
				70AC465E2ABFF82D00BFE46D /* SettingView.swift */,
			);
			path = setting;
			sourceTree = "<group>";
		};
		70AC46602ABFF8C700BFE46D /* tab */ = {
			isa = PBXGroup;
			children = (
				70AC46612ABFF8D700BFE46D /* TabView.swift */,
				70AC46682AC00A8000BFE46D /* TabItemsView.swift */,
			);
			path = tab;
			sourceTree = "<group>";
		};
		70B5080A2AC51D3400FC0540 /* global */ = {
			isa = PBXGroup;
			children = (
				7060FDAF2AC5E1C3001A2198 /* ErrorView.swift */,
				70B5080B2AC51D4300FC0540 /* PhotoPickerView.swift */,
				7084B1852AC5B8F50011A91B /* SimpleTextInputView.swift */,
				70D17E0C2AC5D70B00B86E37 /* WithdrawalConfirmView.swift */,
			);
			path = global;
			sourceTree = "<group>";
		};
		70E555F32ABF010C006D4DA0 = {
			isa = PBXGroup;
			children = (
				70E555FE2ABF010C006D4DA0 /* dg-muscle-ios */,
				7083E6B32ABF065F007D43CE /* GoogleService-Info.plist */,
				70E555FD2ABF010C006D4DA0 /* Products */,
				7083E6C72ABF0F45007D43CE /* Frameworks */,
			);
			sourceTree = "<group>";
		};
		70E555FD2ABF010C006D4DA0 /* Products */ = {
			isa = PBXGroup;
			children = (
				70E555FC2ABF010C006D4DA0 /* dg-muscle-ios.app */,
			);
			name = Products;
			sourceTree = "<group>";
		};
		70E555FE2ABF010C006D4DA0 /* dg-muscle-ios */ = {
			isa = PBXGroup;
			children = (
				70E556082ABF010D006D4DA0 /* dg_muscle_ios.entitlements */,
				707B8FD02ABF1FD5008ADECE /* main */,
				70E556052ABF010D006D4DA0 /* Preview Content */,
				707B8FC52ABF1C92008ADECE /* store */,
				707B8FD12ABF204A008ADECE /* util */,
				7083E6C02ABF0C44007D43CE /* view */,
			);
			path = "dg-muscle-ios";
			sourceTree = "<group>";
		};
		70E556052ABF010D006D4DA0 /* Preview Content */ = {
			isa = PBXGroup;
			children = (
				70E556062ABF010D006D4DA0 /* Preview Assets.xcassets */,
			);
			path = "Preview Content";
			sourceTree = "<group>";
		};
/* End PBXGroup section */

/* Begin PBXNativeTarget section */
		70E555FB2ABF010C006D4DA0 /* dg-muscle-ios */ = {
			isa = PBXNativeTarget;
			buildConfigurationList = 70E5560B2ABF010D006D4DA0 /* Build configuration list for PBXNativeTarget "dg-muscle-ios" */;
			buildPhases = (
				70E555F82ABF010C006D4DA0 /* Sources */,
				70E555F92ABF010C006D4DA0 /* Frameworks */,
				70E555FA2ABF010C006D4DA0 /* Resources */,
			);
			buildRules = (
			);
			dependencies = (
			);
			name = "dg-muscle-ios";
			packageProductDependencies = (
				7083E6B62ABF06B7007D43CE /* FirebaseAnalytics */,
				7083E6B82ABF06B7007D43CE /* FirebaseAnalyticsOnDeviceConversion */,
				7083E6BA2ABF06B7007D43CE /* FirebaseAnalyticsSwift */,
				7083E6BC2ABF06B7007D43CE /* FirebaseAnalyticsWithoutAdIdSupport */,
				7083E6BE2ABF06B7007D43CE /* FirebaseAppCheck */,
				7083E6C82ABF0F45007D43CE /* FirebaseAuth */,
				702BC70B2ABF2A0800E325DB /* Kingfisher */,
				703CD5EB2AC013D300BC76D4 /* FirebaseFirestore */,
				703CD5ED2AC0148800BC76D4 /* FirebaseStorage */,
			);
			productName = "dg-muscle-ios";
			productReference = 70E555FC2ABF010C006D4DA0 /* dg-muscle-ios.app */;
			productType = "com.apple.product-type.application";
		};
/* End PBXNativeTarget section */

/* Begin PBXProject section */
		70E555F42ABF010C006D4DA0 /* Project object */ = {
			isa = PBXProject;
			attributes = {
				BuildIndependentTargetsInParallel = 1;
				LastSwiftUpdateCheck = 1500;
				LastUpgradeCheck = 1500;
				TargetAttributes = {
					70E555FB2ABF010C006D4DA0 = {
						CreatedOnToolsVersion = 15.0;
					};
				};
			};
			buildConfigurationList = 70E555F72ABF010C006D4DA0 /* Build configuration list for PBXProject "dg-muscle-ios" */;
			compatibilityVersion = "Xcode 14.0";
			developmentRegion = en;
			hasScannedForEncodings = 0;
			knownRegions = (
				en,
				Base,
			);
			mainGroup = 70E555F32ABF010C006D4DA0;
			packageReferences = (
				7083E6B52ABF06B7007D43CE /* XCRemoteSwiftPackageReference "firebase-ios-sdk" */,
				702BC70A2ABF2A0800E325DB /* XCRemoteSwiftPackageReference "Kingfisher" */,
			);
			productRefGroup = 70E555FD2ABF010C006D4DA0 /* Products */;
			projectDirPath = "";
			projectRoot = "";
			targets = (
				70E555FB2ABF010C006D4DA0 /* dg-muscle-ios */,
			);
		};
/* End PBXProject section */

/* Begin PBXResourcesBuildPhase section */
		70E555FA2ABF010C006D4DA0 /* Resources */ = {
			isa = PBXResourcesBuildPhase;
			buildActionMask = 2147483647;
			files = (
				70E556072ABF010D006D4DA0 /* Preview Assets.xcassets in Resources */,
				70E556042ABF010D006D4DA0 /* Assets.xcassets in Resources */,
				7083E6B42ABF065F007D43CE /* GoogleService-Info.plist in Resources */,
			);
			runOnlyForDeploymentPostprocessing = 0;
		};
/* End PBXResourcesBuildPhase section */

/* Begin PBXSourcesBuildPhase section */
		70E555F82ABF010C006D4DA0 /* Sources */ = {
			isa = PBXSourcesBuildPhase;
			buildActionMask = 2147483647;
			files = (
				70D17E0D2AC5D70B00B86E37 /* WithdrawalConfirmView.swift in Sources */,
				7083E6C32ABF0C62007D43CE /* SignInView.swift in Sources */,
				7060FDB02AC5E1C3001A2198 /* ErrorView.swift in Sources */,
				707B8FD32ABF207F008ADECE /* Authenticator.swift in Sources */,
				707B8FC72ABF1CAC008ADECE /* UserStore.swift in Sources */,
				7083E6C62ABF0EC9007D43CE /* AppleAuthCoordinator.swift in Sources */,
				7084B1862AC5B8F50011A91B /* SimpleTextInputView.swift in Sources */,
				70D9033F2AC5A73E001DDC0B /* ProfileBoxView.swift in Sources */,
				707B8FC92ABF1D37008ADECE /* Store.swift in Sources */,
				703CD5F02AC015C900BC76D4 /* CustomError.swift in Sources */,
				70AC465F2ABFF82D00BFE46D /* SettingView.swift in Sources */,
				70E556022ABF010C006D4DA0 /* ContentView.swift in Sources */,
				70AC46622ABFF8D700BFE46D /* TabView.swift in Sources */,
				70E556002ABF010C006D4DA0 /* dg_muscle_iosApp.swift in Sources */,
				70AC46692AC00A8000BFE46D /* TabItemsView.swift in Sources */,
				70B5080C2AC51D4300FC0540 /* PhotoPickerView.swift in Sources */,
				70D9033D2AC5A70A001DDC0B /* Vibration.swift in Sources */,
				70B5080F2AC51FD900FC0540 /* DependencyInjection.swift in Sources */,
				703CD5EA2AC0139600BC76D4 /* FileUploader.swift in Sources */,
			);
			runOnlyForDeploymentPostprocessing = 0;
		};
/* End PBXSourcesBuildPhase section */

/* Begin XCBuildConfiguration section */
		70E556092ABF010D006D4DA0 /* Debug */ = {
			isa = XCBuildConfiguration;
			buildSettings = {
				ALWAYS_SEARCH_USER_PATHS = NO;
				ASSETCATALOG_COMPILER_GENERATE_SWIFT_ASSET_SYMBOL_EXTENSIONS = YES;
				CLANG_ANALYZER_NONNULL = YES;
				CLANG_ANALYZER_NUMBER_OBJECT_CONVERSION = YES_AGGRESSIVE;
				CLANG_CXX_LANGUAGE_STANDARD = "gnu++20";
				CLANG_ENABLE_MODULES = YES;
				CLANG_ENABLE_OBJC_ARC = YES;
				CLANG_ENABLE_OBJC_WEAK = YES;
				CLANG_WARN_BLOCK_CAPTURE_AUTORELEASING = YES;
				CLANG_WARN_BOOL_CONVERSION = YES;
				CLANG_WARN_COMMA = YES;
				CLANG_WARN_CONSTANT_CONVERSION = YES;
				CLANG_WARN_DEPRECATED_OBJC_IMPLEMENTATIONS = YES;
				CLANG_WARN_DIRECT_OBJC_ISA_USAGE = YES_ERROR;
				CLANG_WARN_DOCUMENTATION_COMMENTS = YES;
				CLANG_WARN_EMPTY_BODY = YES;
				CLANG_WARN_ENUM_CONVERSION = YES;
				CLANG_WARN_INFINITE_RECURSION = YES;
				CLANG_WARN_INT_CONVERSION = YES;
				CLANG_WARN_NON_LITERAL_NULL_CONVERSION = YES;
				CLANG_WARN_OBJC_IMPLICIT_RETAIN_SELF = YES;
				CLANG_WARN_OBJC_LITERAL_CONVERSION = YES;
				CLANG_WARN_OBJC_ROOT_CLASS = YES_ERROR;
				CLANG_WARN_QUOTED_INCLUDE_IN_FRAMEWORK_HEADER = YES;
				CLANG_WARN_RANGE_LOOP_ANALYSIS = YES;
				CLANG_WARN_STRICT_PROTOTYPES = YES;
				CLANG_WARN_SUSPICIOUS_MOVE = YES;
				CLANG_WARN_UNGUARDED_AVAILABILITY = YES_AGGRESSIVE;
				CLANG_WARN_UNREACHABLE_CODE = YES;
				CLANG_WARN__DUPLICATE_METHOD_MATCH = YES;
				COPY_PHASE_STRIP = NO;
				DEBUG_INFORMATION_FORMAT = dwarf;
				ENABLE_STRICT_OBJC_MSGSEND = YES;
				ENABLE_TESTABILITY = YES;
				ENABLE_USER_SCRIPT_SANDBOXING = YES;
				GCC_C_LANGUAGE_STANDARD = gnu17;
				GCC_DYNAMIC_NO_PIC = NO;
				GCC_NO_COMMON_BLOCKS = YES;
				GCC_OPTIMIZATION_LEVEL = 0;
				GCC_PREPROCESSOR_DEFINITIONS = (
					"DEBUG=1",
					"$(inherited)",
				);
				GCC_WARN_64_TO_32_BIT_CONVERSION = YES;
				GCC_WARN_ABOUT_RETURN_TYPE = YES_ERROR;
				GCC_WARN_UNDECLARED_SELECTOR = YES;
				GCC_WARN_UNINITIALIZED_AUTOS = YES_AGGRESSIVE;
				GCC_WARN_UNUSED_FUNCTION = YES;
				GCC_WARN_UNUSED_VARIABLE = YES;
				LOCALIZATION_PREFERS_STRING_CATALOGS = YES;
				MACOSX_DEPLOYMENT_TARGET = 13.6;
				MTL_ENABLE_DEBUG_INFO = INCLUDE_SOURCE;
				MTL_FAST_MATH = YES;
				ONLY_ACTIVE_ARCH = YES;
				SDKROOT = macosx;
				SWIFT_ACTIVE_COMPILATION_CONDITIONS = "DEBUG $(inherited)";
				SWIFT_OPTIMIZATION_LEVEL = "-Onone";
			};
			name = Debug;
		};
		70E5560A2ABF010D006D4DA0 /* Release */ = {
			isa = XCBuildConfiguration;
			buildSettings = {
				ALWAYS_SEARCH_USER_PATHS = NO;
				ASSETCATALOG_COMPILER_GENERATE_SWIFT_ASSET_SYMBOL_EXTENSIONS = YES;
				CLANG_ANALYZER_NONNULL = YES;
				CLANG_ANALYZER_NUMBER_OBJECT_CONVERSION = YES_AGGRESSIVE;
				CLANG_CXX_LANGUAGE_STANDARD = "gnu++20";
				CLANG_ENABLE_MODULES = YES;
				CLANG_ENABLE_OBJC_ARC = YES;
				CLANG_ENABLE_OBJC_WEAK = YES;
				CLANG_WARN_BLOCK_CAPTURE_AUTORELEASING = YES;
				CLANG_WARN_BOOL_CONVERSION = YES;
				CLANG_WARN_COMMA = YES;
				CLANG_WARN_CONSTANT_CONVERSION = YES;
				CLANG_WARN_DEPRECATED_OBJC_IMPLEMENTATIONS = YES;
				CLANG_WARN_DIRECT_OBJC_ISA_USAGE = YES_ERROR;
				CLANG_WARN_DOCUMENTATION_COMMENTS = YES;
				CLANG_WARN_EMPTY_BODY = YES;
				CLANG_WARN_ENUM_CONVERSION = YES;
				CLANG_WARN_INFINITE_RECURSION = YES;
				CLANG_WARN_INT_CONVERSION = YES;
				CLANG_WARN_NON_LITERAL_NULL_CONVERSION = YES;
				CLANG_WARN_OBJC_IMPLICIT_RETAIN_SELF = YES;
				CLANG_WARN_OBJC_LITERAL_CONVERSION = YES;
				CLANG_WARN_OBJC_ROOT_CLASS = YES_ERROR;
				CLANG_WARN_QUOTED_INCLUDE_IN_FRAMEWORK_HEADER = YES;
				CLANG_WARN_RANGE_LOOP_ANALYSIS = YES;
				CLANG_WARN_STRICT_PROTOTYPES = YES;
				CLANG_WARN_SUSPICIOUS_MOVE = YES;
				CLANG_WARN_UNGUARDED_AVAILABILITY = YES_AGGRESSIVE;
				CLANG_WARN_UNREACHABLE_CODE = YES;
				CLANG_WARN__DUPLICATE_METHOD_MATCH = YES;
				COPY_PHASE_STRIP = NO;
				DEBUG_INFORMATION_FORMAT = "dwarf-with-dsym";
				ENABLE_NS_ASSERTIONS = NO;
				ENABLE_STRICT_OBJC_MSGSEND = YES;
				ENABLE_USER_SCRIPT_SANDBOXING = YES;
				GCC_C_LANGUAGE_STANDARD = gnu17;
				GCC_NO_COMMON_BLOCKS = YES;
				GCC_WARN_64_TO_32_BIT_CONVERSION = YES;
				GCC_WARN_ABOUT_RETURN_TYPE = YES_ERROR;
				GCC_WARN_UNDECLARED_SELECTOR = YES;
				GCC_WARN_UNINITIALIZED_AUTOS = YES_AGGRESSIVE;
				GCC_WARN_UNUSED_FUNCTION = YES;
				GCC_WARN_UNUSED_VARIABLE = YES;
				LOCALIZATION_PREFERS_STRING_CATALOGS = YES;
				MACOSX_DEPLOYMENT_TARGET = 13.6;
				MTL_ENABLE_DEBUG_INFO = NO;
				MTL_FAST_MATH = YES;
				SDKROOT = macosx;
				SWIFT_COMPILATION_MODE = wholemodule;
			};
			name = Release;
		};
		70E5560C2ABF010D006D4DA0 /* Debug */ = {
			isa = XCBuildConfiguration;
			buildSettings = {
				ASSETCATALOG_COMPILER_APPICON_NAME = AppIcon;
				ASSETCATALOG_COMPILER_GLOBAL_ACCENT_COLOR_NAME = AccentColor;
				CODE_SIGN_ENTITLEMENTS = "dg-muscle-ios/dg_muscle_ios.entitlements";
				CODE_SIGN_STYLE = Automatic;
				COMBINE_HIDPI_IMAGES = YES;
				CURRENT_PROJECT_VERSION = 1;
				DEVELOPMENT_ASSET_PATHS = "\"dg-muscle-ios/Preview Content\"";
				DEVELOPMENT_TEAM = YV58Q28W8Z;
				ENABLE_HARDENED_RUNTIME = YES;
				ENABLE_PREVIEWS = YES;
				GENERATE_INFOPLIST_FILE = YES;
				INFOPLIST_KEY_CFBundleDisplayName = dgmuscle;
				INFOPLIST_KEY_LSApplicationCategoryType = "public.app-category.healthcare-fitness";
				INFOPLIST_KEY_NSHumanReadableCopyright = "";
				INFOPLIST_KEY_UILaunchStoryboardName = launchfile;
				LD_RUNPATH_SEARCH_PATHS = (
					"$(inherited)",
					"@executable_path/../Frameworks",
				);
				MARKETING_VERSION = 1.0;
				PRODUCT_BUNDLE_IDENTIFIER = "com.donggyu.dg-muscle-ios";
				PRODUCT_NAME = "$(TARGET_NAME)";
				SUPPORTED_PLATFORMS = "iphoneos iphonesimulator macosx";
				SUPPORTS_MACCATALYST = NO;
				SWIFT_EMIT_LOC_STRINGS = YES;
				SWIFT_VERSION = 5.0;
				TARGETED_DEVICE_FAMILY = 1;
			};
			name = Debug;
		};
		70E5560D2ABF010D006D4DA0 /* Release */ = {
			isa = XCBuildConfiguration;
			buildSettings = {
				ASSETCATALOG_COMPILER_APPICON_NAME = AppIcon;
				ASSETCATALOG_COMPILER_GLOBAL_ACCENT_COLOR_NAME = AccentColor;
				CODE_SIGN_ENTITLEMENTS = "dg-muscle-ios/dg_muscle_ios.entitlements";
				CODE_SIGN_STYLE = Automatic;
				COMBINE_HIDPI_IMAGES = YES;
				CURRENT_PROJECT_VERSION = 1;
				DEVELOPMENT_ASSET_PATHS = "\"dg-muscle-ios/Preview Content\"";
				DEVELOPMENT_TEAM = YV58Q28W8Z;
				ENABLE_HARDENED_RUNTIME = YES;
				ENABLE_PREVIEWS = YES;
				GENERATE_INFOPLIST_FILE = YES;
				INFOPLIST_KEY_CFBundleDisplayName = dgmuscle;
				INFOPLIST_KEY_LSApplicationCategoryType = "public.app-category.healthcare-fitness";
				INFOPLIST_KEY_NSHumanReadableCopyright = "";
				INFOPLIST_KEY_UILaunchStoryboardName = launchfile;
				LD_RUNPATH_SEARCH_PATHS = (
					"$(inherited)",
					"@executable_path/../Frameworks",
				);
				MARKETING_VERSION = 1.0;
				PRODUCT_BUNDLE_IDENTIFIER = "com.donggyu.dg-muscle-ios";
				PRODUCT_NAME = "$(TARGET_NAME)";
				SUPPORTED_PLATFORMS = "iphoneos iphonesimulator macosx";
				SUPPORTS_MACCATALYST = NO;
				SWIFT_EMIT_LOC_STRINGS = YES;
				SWIFT_VERSION = 5.0;
				TARGETED_DEVICE_FAMILY = 1;
			};
			name = Release;
		};
/* End XCBuildConfiguration section */

/* Begin XCConfigurationList section */
		70E555F72ABF010C006D4DA0 /* Build configuration list for PBXProject "dg-muscle-ios" */ = {
			isa = XCConfigurationList;
			buildConfigurations = (
				70E556092ABF010D006D4DA0 /* Debug */,
				70E5560A2ABF010D006D4DA0 /* Release */,
			);
			defaultConfigurationIsVisible = 0;
			defaultConfigurationName = Release;
		};
		70E5560B2ABF010D006D4DA0 /* Build configuration list for PBXNativeTarget "dg-muscle-ios" */ = {
			isa = XCConfigurationList;
			buildConfigurations = (
				70E5560C2ABF010D006D4DA0 /* Debug */,
				70E5560D2ABF010D006D4DA0 /* Release */,
			);
			defaultConfigurationIsVisible = 0;
			defaultConfigurationName = Release;
		};
/* End XCConfigurationList section */

/* Begin XCRemoteSwiftPackageReference section */
		702BC70A2ABF2A0800E325DB /* XCRemoteSwiftPackageReference "Kingfisher" */ = {
			isa = XCRemoteSwiftPackageReference;
			repositoryURL = "https://github.com/onevcat/Kingfisher.git";
			requirement = {
				kind = upToNextMajorVersion;
				minimumVersion = 7.9.1;
			};
		};
		7083E6B52ABF06B7007D43CE /* XCRemoteSwiftPackageReference "firebase-ios-sdk" */ = {
			isa = XCRemoteSwiftPackageReference;
			repositoryURL = "https://github.com/firebase/firebase-ios-sdk";
			requirement = {
				kind = upToNextMajorVersion;
				minimumVersion = 10.15.0;
			};
		};
/* End XCRemoteSwiftPackageReference section */

/* Begin XCSwiftPackageProductDependency section */
		702BC70B2ABF2A0800E325DB /* Kingfisher */ = {
			isa = XCSwiftPackageProductDependency;
			package = 702BC70A2ABF2A0800E325DB /* XCRemoteSwiftPackageReference "Kingfisher" */;
			productName = Kingfisher;
		};
		703CD5EB2AC013D300BC76D4 /* FirebaseFirestore */ = {
			isa = XCSwiftPackageProductDependency;
			package = 7083E6B52ABF06B7007D43CE /* XCRemoteSwiftPackageReference "firebase-ios-sdk" */;
			productName = FirebaseFirestore;
		};
		703CD5ED2AC0148800BC76D4 /* FirebaseStorage */ = {
			isa = XCSwiftPackageProductDependency;
			package = 7083E6B52ABF06B7007D43CE /* XCRemoteSwiftPackageReference "firebase-ios-sdk" */;
			productName = FirebaseStorage;
		};
		7083E6B62ABF06B7007D43CE /* FirebaseAnalytics */ = {
			isa = XCSwiftPackageProductDependency;
			package = 7083E6B52ABF06B7007D43CE /* XCRemoteSwiftPackageReference "firebase-ios-sdk" */;
			productName = FirebaseAnalytics;
		};
		7083E6B82ABF06B7007D43CE /* FirebaseAnalyticsOnDeviceConversion */ = {
			isa = XCSwiftPackageProductDependency;
			package = 7083E6B52ABF06B7007D43CE /* XCRemoteSwiftPackageReference "firebase-ios-sdk" */;
			productName = FirebaseAnalyticsOnDeviceConversion;
		};
		7083E6BA2ABF06B7007D43CE /* FirebaseAnalyticsSwift */ = {
			isa = XCSwiftPackageProductDependency;
			package = 7083E6B52ABF06B7007D43CE /* XCRemoteSwiftPackageReference "firebase-ios-sdk" */;
			productName = FirebaseAnalyticsSwift;
		};
		7083E6BC2ABF06B7007D43CE /* FirebaseAnalyticsWithoutAdIdSupport */ = {
			isa = XCSwiftPackageProductDependency;
			package = 7083E6B52ABF06B7007D43CE /* XCRemoteSwiftPackageReference "firebase-ios-sdk" */;
			productName = FirebaseAnalyticsWithoutAdIdSupport;
		};
		7083E6BE2ABF06B7007D43CE /* FirebaseAppCheck */ = {
			isa = XCSwiftPackageProductDependency;
			package = 7083E6B52ABF06B7007D43CE /* XCRemoteSwiftPackageReference "firebase-ios-sdk" */;
			productName = FirebaseAppCheck;
		};
		7083E6C82ABF0F45007D43CE /* FirebaseAuth */ = {
			isa = XCSwiftPackageProductDependency;
			package = 7083E6B52ABF06B7007D43CE /* XCRemoteSwiftPackageReference "firebase-ios-sdk" */;
			productName = FirebaseAuth;
		};
/* End XCSwiftPackageProductDependency section */
	};
	rootObject = 70E555F42ABF010C006D4DA0 /* Project object */;
}
